
Microsoft Visual Studio Solution File, Format Version 12.00
# Visual Studio Version 17
VisualStudioVersion = 17.12.35527.113
MinimumVisualStudioVersion = 10.0.40219.1
Project("{8BC9CEB8-8B4A-11D0-8D11-00A0C91BC942}") = "00000", "00000\00000.vcxproj", "{F8956603-89BC-48EB-BE4C-BF6921308A0D}"
EndProject
Project("{8BC9CEB8-8B4A-11D0-8D11-00A0C91BC942}") = "01000", "01xxx\01000\01000.vcxproj", "{94A0347E-EFF0-4AC1-94B3-816D1CD4A187}"
EndProject
Project("{8BC9CEB8-8B4A-11D0-8D11-00A0C91BC942}") = "01001", "01xxx\01001\01001.vcxproj", "{7117DB4A-BD85-4B81-A95F-27D226C06A19}"
EndProject
Project("{8BC9CEB8-8B4A-11D0-8D11-00A0C91BC942}") = "01008", "01xxx\01008\01008.vcxproj", "{4171E2AA-5E1E-4720-810B-E0B148947B17}"
EndProject
Project("{8BC9CEB8-8B4A-11D0-8D11-00A0C91BC942}") = "01152", "01xxx\01152\01152.vcxproj", "{9C87604E-06AC-471F-B454-90B833A26C5C}"
EndProject
Project("{8BC9CEB8-8B4A-11D0-8D11-00A0C91BC942}") = "01330", "01xxx\01330\01330.vcxproj", "{7B91C467-D4A2-49BD-8491-059F1C7F8F05}"
EndProject
Project("{8BC9CEB8-8B4A-11D0-8D11-00A0C91BC942}") = "01546", "01xxx\01546\01546.vcxproj", "{2FF6D5A6-F2E5-4F49-967B-1DE0DBD7E903}"
EndProject
Project("{2150E333-8FDC-42A3-9474-1A3956D46DE8}") = "01xxx", "01xxx", "{B39D9DDB-642C-4EDD-A528-FDACDF92BE67}"
EndProject
Project("{2150E333-8FDC-42A3-9474-1A3956D46DE8}") = "00xxx", "00xxx", "{55D81528-0E42-4AE7-A3F5-6F24C176EF86}"
EndProject
Project("{2150E333-8FDC-42A3-9474-1A3956D46DE8}") = "03xxx", "03xxx", "{F0A56A68-3EBB-4829-87D0-3C3E9522679A}"
EndProject
Project("{8BC9CEB8-8B4A-11D0-8D11-00A0C91BC942}") = "03052", "03xxx\03052\03052.vcxproj", "{4EDA0A0F-8F4C-4106-8203-35D37298F08C}"
EndProject
Project("{2150E333-8FDC-42A3-9474-1A3956D46DE8}") = "05xxx", "05xxx", "{02D5C02A-D29D-44AE-83CD-CD33A10E9D29}"
EndProject
Project("{8BC9CEB8-8B4A-11D0-8D11-00A0C91BC942}") = "05597", "05xxx\05597\05597.vcxproj", "{212E2A85-132E-4EB8-BBD3-DCCF454BE46F}"
EndProject
Project("{8BC9CEB8-8B4A-11D0-8D11-00A0C91BC942}") = "05622", "05xxx\05622\05622.vcxproj", "{5C8B35AB-E58C-4A64-AB98-B2348D9B7E63}"
EndProject
Project("{2150E333-8FDC-42A3-9474-1A3956D46DE8}") = "07xxx", "07xxx", "{8C8B070A-117D-4B43-873F-B041D49A67EB}"
EndProject
Project("{8BC9CEB8-8B4A-11D0-8D11-00A0C91BC942}") = "07287", "07xxx\07287\07287.vcxproj", "{A669EC27-06D1-4B94-8304-AD09ECE09607}"
EndProject
Project("{2150E333-8FDC-42A3-9474-1A3956D46DE8}") = "08xxx", "08xxx", "{7B99ADAC-3A5C-4385-8E6D-02018698B15D}"
EndProject
Project("{8BC9CEB8-8B4A-11D0-8D11-00A0C91BC942}") = "08393", "08xxx\08393\08393.vcxproj", "{A99406CC-CD7B-48EF-9F70-3E51629E3948}"
EndProject
Project("{2150E333-8FDC-42A3-9474-1A3956D46DE8}") = "09xxx", "09xxx", "{BEE5EA23-C8A1-4368-8631-FECF6395FD15}"
EndProject
Project("{8BC9CEB8-8B4A-11D0-8D11-00A0C91BC942}") = "09086", "09xxx\09086\09086.vcxproj", "{E09E9850-6730-44A5-A58B-2F02EB75CD3A}"
EndProject
Project("{8BC9CEB8-8B4A-11D0-8D11-00A0C91BC942}") = "09498", "09xxx\09498\09498.vcxproj", "{18A2F0AA-9753-4890-816B-5981921805DC}"
EndProject
Project("{2150E333-8FDC-42A3-9474-1A3956D46DE8}") = "11xxx", "11xxx", "{1CE3B6C7-D50E-489E-B5F1-126AD1F1B5A2}"
EndProject
Project("{8BC9CEB8-8B4A-11D0-8D11-00A0C91BC942}") = "11021", "11xxx\11021\11021.vcxproj", "{C3069D98-F29C-4D77-A96A-7F2AF8D4101B}"
EndProject
Project("{8BC9CEB8-8B4A-11D0-8D11-00A0C91BC942}") = "11022", "11xxx\11022\11022.vcxproj", "{40F002D1-6BA3-4F81-9B2C-C8C84B4FD185}"
EndProject
Project("{8BC9CEB8-8B4A-11D0-8D11-00A0C91BC942}") = "11382", "11xxx\11382\11382.vcxproj", "{79B7EAE9-FD99-46C3-9D2F-96A2EDDE8AA5}"
EndProject
Project("{8BC9CEB8-8B4A-11D0-8D11-00A0C91BC942}") = "11654", "11xxx\11654\11654.vcxproj", "{A6747E1B-345E-4E15-A788-5856A7525916}"
EndProject
Project("{8BC9CEB8-8B4A-11D0-8D11-00A0C91BC942}") = "11718", "11xxx\11718\11718.vcxproj", "{C1C65E1B-4672-4A47-B599-274FA34418A6}"
EndProject
Project("{8BC9CEB8-8B4A-11D0-8D11-00A0C91BC942}") = "11720", "11xxx\11720\11720.vcxproj", "{1D946C4C-08F0-4618-9916-4FC5ED50F063}"
EndProject
Project("{2150E333-8FDC-42A3-9474-1A3956D46DE8}") = "14xxx", "14xxx", "{8B245095-191A-4C68-BC29-4514447F2732}"
EndProject
Project("{8BC9CEB8-8B4A-11D0-8D11-00A0C91BC942}") = "14681", "14xxx\14681\14681.vcxproj", "{4F858C96-9263-4F32-A82F-589858192F2A}"
EndProject
Project("{2150E333-8FDC-42A3-9474-1A3956D46DE8}") = "15xxx", "15xxx", "{8E32747E-1C1E-49A9-AAF7-C249F96537E9}"
EndProject
Project("{8BC9CEB8-8B4A-11D0-8D11-00A0C91BC942}") = "15552", "15xxx\15552\15552.vcxproj", "{35AAB0E9-DF18-4456-AA5A-F011C4AEA1BF}"
EndProject
Project("{8BC9CEB8-8B4A-11D0-8D11-00A0C91BC942}") = "15964", "15xxx\15964\15964.vcxproj", "{6A3FD095-D277-48AB-8B5E-0C9E9F1F4510}"
EndProject
Project("{2150E333-8FDC-42A3-9474-1A3956D46DE8}") = "18xxx", "18xxx", "{B50500A9-C33E-452C-8F19-33EB878988BB}"
EndProject
Project("{2150E333-8FDC-42A3-9474-1A3956D46DE8}") = "25xxx", "25xxx", "{BA2A3CA1-0AB0-4B02-8BCE-31EB93700AE2}"
EndProject
Project("{2150E333-8FDC-42A3-9474-1A3956D46DE8}") = "27xxx", "27xxx", "{C4F99744-2815-4084-A295-6E4EA426EF98}"
EndProject
Project("{2150E333-8FDC-42A3-9474-1A3956D46DE8}") = "02xxx", "02xxx", "{31885970-5476-40B8-9E9E-D506CA6E065C}"
EndProject
Project("{2150E333-8FDC-42A3-9474-1A3956D46DE8}") = "10xxx", "10xxx", "{4CA05D2F-A6C2-42D2-83BE-89AFA4FED7A1}"
EndProject
Project("{8BC9CEB8-8B4A-11D0-8D11-00A0C91BC942}") = "18108", "18xxx\18108\18108.vcxproj", "{1ECDDEB3-2A9B-4B6B-9AA8-1EDF98A44600}"
EndProject
Project("{8BC9CEB8-8B4A-11D0-8D11-00A0C91BC942}") = "25083", "25xxx\25083\25083.vcxproj", "{48447221-140D-4B15-A1BA-FCB2E10D3D62}"
EndProject
Project("{8BC9CEB8-8B4A-11D0-8D11-00A0C91BC942}") = "25304", "25xxx\25304\25304.vcxproj", "{4EC926C8-3C91-4939-BA92-48E51555C294}"
EndProject
Project("{8BC9CEB8-8B4A-11D0-8D11-00A0C91BC942}") = "25314", "25xxx\25314\25314.vcxproj", "{10D65EC4-201E-4A95-978F-3BCD7B383F47}"
EndProject
Project("{8BC9CEB8-8B4A-11D0-8D11-00A0C91BC942}") = "27866", "27xxx\27866\27866.vcxproj", "{AFFCC723-6626-441D-9AC2-7B2EC05BEAD2}"
EndProject
Project("{8BC9CEB8-8B4A-11D0-8D11-00A0C91BC942}") = "10171", "10xxx\10171\10171.vcxproj", "{016337D9-61D8-42A3-8EF1-16B74ACC337E}"
EndProject
Project("{8BC9CEB8-8B4A-11D0-8D11-00A0C91BC942}") = "10172", "10xxx\10172\10172.vcxproj", "{9F06C5FD-7888-48BD-8CE0-2652AA011112}"
EndProject
Project("{8BC9CEB8-8B4A-11D0-8D11-00A0C91BC942}") = "10430", "10xxx\10430\10430.vcxproj", "{34F45CC4-2B17-41B3-B8AA-26703883B020}"
EndProject
Project("{8BC9CEB8-8B4A-11D0-8D11-00A0C91BC942}") = "10699", "10xxx\10699\10699.vcxproj", "{66D38D00-635C-4A19-AB1B-B6849987C76F}"
EndProject
Project("{8BC9CEB8-8B4A-11D0-8D11-00A0C91BC942}") = "10798", "10xxx\10798\10798.vcxproj", "{14B8B3D3-F00E-4C1B-BF75-F22B85CAD52C}"
EndProject
Project("{8BC9CEB8-8B4A-11D0-8D11-00A0C91BC942}") = "10807", "10xxx\10807\10807.vcxproj", "{459CA477-BCE7-4BB3-8282-42E07B54AF03}"
EndProject
Project("{8BC9CEB8-8B4A-11D0-8D11-00A0C91BC942}") = "10809", "10xxx\10809\10809.vcxproj", "{F0F8C20B-00E8-49CC-91C9-995644726CA3}"
EndProject
Project("{8BC9CEB8-8B4A-11D0-8D11-00A0C91BC942}") = "10810", "10xxx\10810\10810.vcxproj", "{D7B24702-BCE6-487A-ABB4-38B174488653}"
EndProject
Project("{8BC9CEB8-8B4A-11D0-8D11-00A0C91BC942}") = "10811", "10xxx\10811\10811.vcxproj", "{CDC97D9A-A187-4556-9C78-4952036CBA0F}"
EndProject
Project("{8BC9CEB8-8B4A-11D0-8D11-00A0C91BC942}") = "10813", "10xxx\10813\10813.vcxproj", "{B1013B7C-64B6-46E9-892E-89166D3A9E40}"
EndProject
Project("{8BC9CEB8-8B4A-11D0-8D11-00A0C91BC942}") = "10818", "10xxx\10818\10818.vcxproj", "{02FF4EFA-8332-473E-89B0-37DD965447FD}"
EndProject
Project("{8BC9CEB8-8B4A-11D0-8D11-00A0C91BC942}") = "10869", "10xxx\10869\10869.vcxproj", "{0CC20DF8-23C0-4837-BE0A-62D02B8B25E2}"
EndProject
Project("{8BC9CEB8-8B4A-11D0-8D11-00A0C91BC942}") = "10871", "10xxx\10871\10871.vcxproj", "{883696FB-960C-43EB-A5C0-87208C5E4D31}"
EndProject
Project("{8BC9CEB8-8B4A-11D0-8D11-00A0C91BC942}") = "10872", "10xxx\10872\10872.vcxproj", "{70EE194E-FD53-4992-9625-5CB9376806C9}"
EndProject
Project("{8BC9CEB8-8B4A-11D0-8D11-00A0C91BC942}") = "10926", "10xxx\10926\10926.vcxproj", "{2470F25A-246A-4CA1-9B47-CE8210FAC8DD}"
EndProject
Project("{8BC9CEB8-8B4A-11D0-8D11-00A0C91BC942}") = "10950", "10xxx\10950\10950.vcxproj", "{3C2AAE62-6698-4D10-9AD9-A49A355F3D75}"
EndProject
Project("{8BC9CEB8-8B4A-11D0-8D11-00A0C91BC942}") = "10951", "10xxx\10951\10951.vcxproj", "{786BB85A-5BD3-4118-8B95-DA96FDDBD6FC}"
EndProject
Project("{8BC9CEB8-8B4A-11D0-8D11-00A0C91BC942}") = "10952", "10xxx\10952\10952.vcxproj", "{646F1A35-7CA6-49F1-958A-9CE3E2B68281}"
EndProject
Project("{8BC9CEB8-8B4A-11D0-8D11-00A0C91BC942}") = "10998", "10xxx\10998\10998.vcxproj", "{707CA293-2384-48D1-BED6-9E1571E3E323}"
EndProject
Project("{8BC9CEB8-8B4A-11D0-8D11-00A0C91BC942}") = "02420", "02xxx\02420\02420.vcxproj", "{23DE625F-B8EF-43A0-9462-38C86EDA6EDF}"
EndProject
Project("{8BC9CEB8-8B4A-11D0-8D11-00A0C91BC942}") = "02438", "02xxx\02438\02438.vcxproj", "{100D5BA8-3431-413E-9237-F75499C529A9}"
EndProject
Project("{8BC9CEB8-8B4A-11D0-8D11-00A0C91BC942}") = "02439", "02xxx\02439\02439.vcxproj", "{4E41E4C3-BB5D-4A5B-9C27-31D3D0936261}"
EndProject
Project("{8BC9CEB8-8B4A-11D0-8D11-00A0C91BC942}") = "02475", "02xxx\02475\02475.vcxproj", "{F38E38FC-A3A3-4874-9AD1-F4CE73B4C664}"
EndProject
Project("{8BC9CEB8-8B4A-11D0-8D11-00A0C91BC942}") = "02480", "02xxx\02480\02480.vcxproj", "{835BD37D-11CF-4E4A-992A-A963CD623E65}"
EndProject
Project("{8BC9CEB8-8B4A-11D0-8D11-00A0C91BC942}") = "02525", "02xxx\02525\02525.vcxproj", "{8B3D036D-DE2B-4759-BFB2-1B2FE64A8587}"
EndProject
Project("{8BC9CEB8-8B4A-11D0-8D11-00A0C91BC942}") = "02557", "02xxx\02557\02557.vcxproj", "{0F56359C-B8B8-4C77-AA92-8CC81A961998}"
EndProject
Project("{8BC9CEB8-8B4A-11D0-8D11-00A0C91BC942}") = "02562", "02xxx\02562\02562.vcxproj", "{9DB7440F-E897-4920-80B3-5FD271BB34D3}"
EndProject
Project("{8BC9CEB8-8B4A-11D0-8D11-00A0C91BC942}") = "02563", "02xxx\02563\02563.vcxproj", "{BCCCFC8B-B6B2-46AE-B643-0B7093DA5F8F}"
EndProject
Project("{8BC9CEB8-8B4A-11D0-8D11-00A0C91BC942}") = "02566", "02xxx\02566\02566.vcxproj", "{7D21AB17-227E-4F31-975D-C011B774E459}"
EndProject
Project("{8BC9CEB8-8B4A-11D0-8D11-00A0C91BC942}") = "02588", "02xxx\02588\02588.vcxproj", "{E39A869E-12F3-4FF4-8604-98DF68147DCB}"
EndProject
Project("{8BC9CEB8-8B4A-11D0-8D11-00A0C91BC942}") = "02675", "02xxx\02675\02675.vcxproj", "{0B11BCED-D6B7-48A0-9E82-380051EC0BC3}"
EndProject
Project("{8BC9CEB8-8B4A-11D0-8D11-00A0C91BC942}") = "02738", "02xxx\02738\02738.vcxproj", "{1020B76A-3C5E-4773-A6D9-82A5359EA793}"
EndProject
Project("{8BC9CEB8-8B4A-11D0-8D11-00A0C91BC942}") = "02739", "02xxx\02739\02739.vcxproj", "{4CCF11F9-8C05-4879-930B-3797B6303417}"
EndProject
Project("{8BC9CEB8-8B4A-11D0-8D11-00A0C91BC942}") = "02741", "02xxx\02741\02741.vcxproj", "{C3B93DEF-3081-45FE-ADD9-0999B7078DC0}"
EndProject
Project("{8BC9CEB8-8B4A-11D0-8D11-00A0C91BC942}") = "02743", "02xxx\02743\02743.vcxproj", "{5A67A57B-73BD-4432-B36C-841C8572AB98}"
EndProject
Project("{8BC9CEB8-8B4A-11D0-8D11-00A0C91BC942}") = "02744", "02xxx\02744\02744.vcxproj", "{1BCD00EF-188E-48FE-9766-7A293AC35D6D}"
EndProject
Project("{8BC9CEB8-8B4A-11D0-8D11-00A0C91BC942}") = "02753", "02xxx\02753\02753.vcxproj", "{FE2A846C-6D9C-44EB-BAC3-0B570249B2E3}"
EndProject
Project("{8BC9CEB8-8B4A-11D0-8D11-00A0C91BC942}") = "02754", "02xxx\02754\02754.vcxproj", "{B70B1FB5-8DF4-427B-8630-2AE1DD3A36B7}"
EndProject
Project("{8BC9CEB8-8B4A-11D0-8D11-00A0C91BC942}") = "02884", "02xxx\02884\02884.vcxproj", "{CD793ABF-46BA-49F8-B0ED-BDBE1A583F2A}"
EndProject
Project("{8BC9CEB8-8B4A-11D0-8D11-00A0C91BC942}") = "02908", "02xxx\02908\02908.vcxproj", "{5C191BDE-3954-4AB6-9952-281CB8A5B37A}"
EndProject
Global
	GlobalSection(SolutionConfigurationPlatforms) = preSolution
		Debug|ARM64 = Debug|ARM64
		Debug|x64 = Debug|x64
		Debug|x86 = Debug|x86
		Release|ARM64 = Release|ARM64
		Release|x64 = Release|x64
		Release|x86 = Release|x86
	EndGlobalSection
	GlobalSection(ProjectConfigurationPlatforms) = postSolution
		{F8956603-89BC-48EB-BE4C-BF6921308A0D}.Debug|ARM64.ActiveCfg = Debug|ARM64
		{F8956603-89BC-48EB-BE4C-BF6921308A0D}.Debug|ARM64.Build.0 = Debug|ARM64
		{F8956603-89BC-48EB-BE4C-BF6921308A0D}.Debug|x64.ActiveCfg = Debug|x64
		{F8956603-89BC-48EB-BE4C-BF6921308A0D}.Debug|x64.Build.0 = Debug|x64
		{F8956603-89BC-48EB-BE4C-BF6921308A0D}.Debug|x86.ActiveCfg = Debug|Win32
		{F8956603-89BC-48EB-BE4C-BF6921308A0D}.Debug|x86.Build.0 = Debug|Win32
		{F8956603-89BC-48EB-BE4C-BF6921308A0D}.Release|ARM64.ActiveCfg = Release|ARM64
		{F8956603-89BC-48EB-BE4C-BF6921308A0D}.Release|ARM64.Build.0 = Release|ARM64
		{F8956603-89BC-48EB-BE4C-BF6921308A0D}.Release|x64.ActiveCfg = Release|x64
		{F8956603-89BC-48EB-BE4C-BF6921308A0D}.Release|x64.Build.0 = Release|x64
		{F8956603-89BC-48EB-BE4C-BF6921308A0D}.Release|x86.ActiveCfg = Release|Win32
		{F8956603-89BC-48EB-BE4C-BF6921308A0D}.Release|x86.Build.0 = Release|Win32
		{94A0347E-EFF0-4AC1-94B3-816D1CD4A187}.Debug|ARM64.ActiveCfg = Debug|ARM64
		{94A0347E-EFF0-4AC1-94B3-816D1CD4A187}.Debug|ARM64.Build.0 = Debug|ARM64
		{94A0347E-EFF0-4AC1-94B3-816D1CD4A187}.Debug|x64.ActiveCfg = Debug|x64
		{94A0347E-EFF0-4AC1-94B3-816D1CD4A187}.Debug|x64.Build.0 = Debug|x64
		{94A0347E-EFF0-4AC1-94B3-816D1CD4A187}.Debug|x86.ActiveCfg = Debug|Win32
		{94A0347E-EFF0-4AC1-94B3-816D1CD4A187}.Debug|x86.Build.0 = Debug|Win32
		{94A0347E-EFF0-4AC1-94B3-816D1CD4A187}.Release|ARM64.ActiveCfg = Release|ARM64
		{94A0347E-EFF0-4AC1-94B3-816D1CD4A187}.Release|ARM64.Build.0 = Release|ARM64
		{94A0347E-EFF0-4AC1-94B3-816D1CD4A187}.Release|x64.ActiveCfg = Release|x64
		{94A0347E-EFF0-4AC1-94B3-816D1CD4A187}.Release|x64.Build.0 = Release|x64
		{94A0347E-EFF0-4AC1-94B3-816D1CD4A187}.Release|x86.ActiveCfg = Release|Win32
		{94A0347E-EFF0-4AC1-94B3-816D1CD4A187}.Release|x86.Build.0 = Release|Win32
		{7117DB4A-BD85-4B81-A95F-27D226C06A19}.Debug|ARM64.ActiveCfg = Debug|ARM64
		{7117DB4A-BD85-4B81-A95F-27D226C06A19}.Debug|ARM64.Build.0 = Debug|ARM64
		{7117DB4A-BD85-4B81-A95F-27D226C06A19}.Debug|x64.ActiveCfg = Debug|x64
		{7117DB4A-BD85-4B81-A95F-27D226C06A19}.Debug|x64.Build.0 = Debug|x64
		{7117DB4A-BD85-4B81-A95F-27D226C06A19}.Debug|x86.ActiveCfg = Debug|Win32
		{7117DB4A-BD85-4B81-A95F-27D226C06A19}.Debug|x86.Build.0 = Debug|Win32
		{7117DB4A-BD85-4B81-A95F-27D226C06A19}.Release|ARM64.ActiveCfg = Release|ARM64
		{7117DB4A-BD85-4B81-A95F-27D226C06A19}.Release|ARM64.Build.0 = Release|ARM64
		{7117DB4A-BD85-4B81-A95F-27D226C06A19}.Release|x64.ActiveCfg = Release|x64
		{7117DB4A-BD85-4B81-A95F-27D226C06A19}.Release|x64.Build.0 = Release|x64
		{7117DB4A-BD85-4B81-A95F-27D226C06A19}.Release|x86.ActiveCfg = Release|Win32
		{7117DB4A-BD85-4B81-A95F-27D226C06A19}.Release|x86.Build.0 = Release|Win32
		{4171E2AA-5E1E-4720-810B-E0B148947B17}.Debug|ARM64.ActiveCfg = Debug|ARM64
		{4171E2AA-5E1E-4720-810B-E0B148947B17}.Debug|ARM64.Build.0 = Debug|ARM64
		{4171E2AA-5E1E-4720-810B-E0B148947B17}.Debug|x64.ActiveCfg = Debug|x64
		{4171E2AA-5E1E-4720-810B-E0B148947B17}.Debug|x64.Build.0 = Debug|x64
		{4171E2AA-5E1E-4720-810B-E0B148947B17}.Debug|x86.ActiveCfg = Debug|Win32
		{4171E2AA-5E1E-4720-810B-E0B148947B17}.Debug|x86.Build.0 = Debug|Win32
		{4171E2AA-5E1E-4720-810B-E0B148947B17}.Release|ARM64.ActiveCfg = Release|ARM64
		{4171E2AA-5E1E-4720-810B-E0B148947B17}.Release|ARM64.Build.0 = Release|ARM64
		{4171E2AA-5E1E-4720-810B-E0B148947B17}.Release|x64.ActiveCfg = Release|x64
		{4171E2AA-5E1E-4720-810B-E0B148947B17}.Release|x64.Build.0 = Release|x64
		{4171E2AA-5E1E-4720-810B-E0B148947B17}.Release|x86.ActiveCfg = Release|Win32
		{4171E2AA-5E1E-4720-810B-E0B148947B17}.Release|x86.Build.0 = Release|Win32
		{9C87604E-06AC-471F-B454-90B833A26C5C}.Debug|ARM64.ActiveCfg = Debug|ARM64
		{9C87604E-06AC-471F-B454-90B833A26C5C}.Debug|ARM64.Build.0 = Debug|ARM64
		{9C87604E-06AC-471F-B454-90B833A26C5C}.Debug|x64.ActiveCfg = Debug|x64
		{9C87604E-06AC-471F-B454-90B833A26C5C}.Debug|x64.Build.0 = Debug|x64
		{9C87604E-06AC-471F-B454-90B833A26C5C}.Debug|x86.ActiveCfg = Debug|Win32
		{9C87604E-06AC-471F-B454-90B833A26C5C}.Debug|x86.Build.0 = Debug|Win32
		{9C87604E-06AC-471F-B454-90B833A26C5C}.Release|ARM64.ActiveCfg = Release|ARM64
		{9C87604E-06AC-471F-B454-90B833A26C5C}.Release|ARM64.Build.0 = Release|ARM64
		{9C87604E-06AC-471F-B454-90B833A26C5C}.Release|x64.ActiveCfg = Release|x64
		{9C87604E-06AC-471F-B454-90B833A26C5C}.Release|x64.Build.0 = Release|x64
		{9C87604E-06AC-471F-B454-90B833A26C5C}.Release|x86.ActiveCfg = Release|Win32
		{9C87604E-06AC-471F-B454-90B833A26C5C}.Release|x86.Build.0 = Release|Win32
		{7B91C467-D4A2-49BD-8491-059F1C7F8F05}.Debug|ARM64.ActiveCfg = Debug|ARM64
		{7B91C467-D4A2-49BD-8491-059F1C7F8F05}.Debug|ARM64.Build.0 = Debug|ARM64
		{7B91C467-D4A2-49BD-8491-059F1C7F8F05}.Debug|x64.ActiveCfg = Debug|x64
		{7B91C467-D4A2-49BD-8491-059F1C7F8F05}.Debug|x64.Build.0 = Debug|x64
		{7B91C467-D4A2-49BD-8491-059F1C7F8F05}.Debug|x86.ActiveCfg = Debug|Win32
		{7B91C467-D4A2-49BD-8491-059F1C7F8F05}.Debug|x86.Build.0 = Debug|Win32
		{7B91C467-D4A2-49BD-8491-059F1C7F8F05}.Release|ARM64.ActiveCfg = Release|ARM64
		{7B91C467-D4A2-49BD-8491-059F1C7F8F05}.Release|ARM64.Build.0 = Release|ARM64
		{7B91C467-D4A2-49BD-8491-059F1C7F8F05}.Release|x64.ActiveCfg = Release|x64
		{7B91C467-D4A2-49BD-8491-059F1C7F8F05}.Release|x64.Build.0 = Release|x64
		{7B91C467-D4A2-49BD-8491-059F1C7F8F05}.Release|x86.ActiveCfg = Release|Win32
		{7B91C467-D4A2-49BD-8491-059F1C7F8F05}.Release|x86.Build.0 = Release|Win32
		{2FF6D5A6-F2E5-4F49-967B-1DE0DBD7E903}.Debug|ARM64.ActiveCfg = Debug|ARM64
		{2FF6D5A6-F2E5-4F49-967B-1DE0DBD7E903}.Debug|ARM64.Build.0 = Debug|ARM64
		{2FF6D5A6-F2E5-4F49-967B-1DE0DBD7E903}.Debug|x64.ActiveCfg = Debug|x64
		{2FF6D5A6-F2E5-4F49-967B-1DE0DBD7E903}.Debug|x64.Build.0 = Debug|x64
		{2FF6D5A6-F2E5-4F49-967B-1DE0DBD7E903}.Debug|x86.ActiveCfg = Debug|Win32
		{2FF6D5A6-F2E5-4F49-967B-1DE0DBD7E903}.Debug|x86.Build.0 = Debug|Win32
		{2FF6D5A6-F2E5-4F49-967B-1DE0DBD7E903}.Release|ARM64.ActiveCfg = Release|ARM64
		{2FF6D5A6-F2E5-4F49-967B-1DE0DBD7E903}.Release|ARM64.Build.0 = Release|ARM64
		{2FF6D5A6-F2E5-4F49-967B-1DE0DBD7E903}.Release|x64.ActiveCfg = Release|x64
		{2FF6D5A6-F2E5-4F49-967B-1DE0DBD7E903}.Release|x64.Build.0 = Release|x64
		{2FF6D5A6-F2E5-4F49-967B-1DE0DBD7E903}.Release|x86.ActiveCfg = Release|Win32
		{2FF6D5A6-F2E5-4F49-967B-1DE0DBD7E903}.Release|x86.Build.0 = Release|Win32
		{4EDA0A0F-8F4C-4106-8203-35D37298F08C}.Debug|ARM64.ActiveCfg = Debug|ARM64
		{4EDA0A0F-8F4C-4106-8203-35D37298F08C}.Debug|ARM64.Build.0 = Debug|ARM64
		{4EDA0A0F-8F4C-4106-8203-35D37298F08C}.Debug|x64.ActiveCfg = Debug|x64
		{4EDA0A0F-8F4C-4106-8203-35D37298F08C}.Debug|x64.Build.0 = Debug|x64
		{4EDA0A0F-8F4C-4106-8203-35D37298F08C}.Debug|x86.ActiveCfg = Debug|Win32
		{4EDA0A0F-8F4C-4106-8203-35D37298F08C}.Debug|x86.Build.0 = Debug|Win32
		{4EDA0A0F-8F4C-4106-8203-35D37298F08C}.Release|ARM64.ActiveCfg = Release|ARM64
		{4EDA0A0F-8F4C-4106-8203-35D37298F08C}.Release|ARM64.Build.0 = Release|ARM64
		{4EDA0A0F-8F4C-4106-8203-35D37298F08C}.Release|x64.ActiveCfg = Release|x64
		{4EDA0A0F-8F4C-4106-8203-35D37298F08C}.Release|x64.Build.0 = Release|x64
		{4EDA0A0F-8F4C-4106-8203-35D37298F08C}.Release|x86.ActiveCfg = Release|Win32
		{4EDA0A0F-8F4C-4106-8203-35D37298F08C}.Release|x86.Build.0 = Release|Win32
		{212E2A85-132E-4EB8-BBD3-DCCF454BE46F}.Debug|ARM64.ActiveCfg = Debug|ARM64
		{212E2A85-132E-4EB8-BBD3-DCCF454BE46F}.Debug|ARM64.Build.0 = Debug|ARM64
		{212E2A85-132E-4EB8-BBD3-DCCF454BE46F}.Debug|x64.ActiveCfg = Debug|x64
		{212E2A85-132E-4EB8-BBD3-DCCF454BE46F}.Debug|x64.Build.0 = Debug|x64
		{212E2A85-132E-4EB8-BBD3-DCCF454BE46F}.Debug|x86.ActiveCfg = Debug|Win32
		{212E2A85-132E-4EB8-BBD3-DCCF454BE46F}.Debug|x86.Build.0 = Debug|Win32
		{212E2A85-132E-4EB8-BBD3-DCCF454BE46F}.Release|ARM64.ActiveCfg = Release|ARM64
		{212E2A85-132E-4EB8-BBD3-DCCF454BE46F}.Release|ARM64.Build.0 = Release|ARM64
		{212E2A85-132E-4EB8-BBD3-DCCF454BE46F}.Release|x64.ActiveCfg = Release|x64
		{212E2A85-132E-4EB8-BBD3-DCCF454BE46F}.Release|x64.Build.0 = Release|x64
		{212E2A85-132E-4EB8-BBD3-DCCF454BE46F}.Release|x86.ActiveCfg = Release|Win32
		{212E2A85-132E-4EB8-BBD3-DCCF454BE46F}.Release|x86.Build.0 = Release|Win32
		{5C8B35AB-E58C-4A64-AB98-B2348D9B7E63}.Debug|ARM64.ActiveCfg = Debug|ARM64
		{5C8B35AB-E58C-4A64-AB98-B2348D9B7E63}.Debug|ARM64.Build.0 = Debug|ARM64
		{5C8B35AB-E58C-4A64-AB98-B2348D9B7E63}.Debug|x64.ActiveCfg = Debug|x64
		{5C8B35AB-E58C-4A64-AB98-B2348D9B7E63}.Debug|x64.Build.0 = Debug|x64
		{5C8B35AB-E58C-4A64-AB98-B2348D9B7E63}.Debug|x86.ActiveCfg = Debug|Win32
		{5C8B35AB-E58C-4A64-AB98-B2348D9B7E63}.Debug|x86.Build.0 = Debug|Win32
		{5C8B35AB-E58C-4A64-AB98-B2348D9B7E63}.Release|ARM64.ActiveCfg = Release|ARM64
		{5C8B35AB-E58C-4A64-AB98-B2348D9B7E63}.Release|ARM64.Build.0 = Release|ARM64
		{5C8B35AB-E58C-4A64-AB98-B2348D9B7E63}.Release|x64.ActiveCfg = Release|x64
		{5C8B35AB-E58C-4A64-AB98-B2348D9B7E63}.Release|x64.Build.0 = Release|x64
		{5C8B35AB-E58C-4A64-AB98-B2348D9B7E63}.Release|x86.ActiveCfg = Release|Win32
		{5C8B35AB-E58C-4A64-AB98-B2348D9B7E63}.Release|x86.Build.0 = Release|Win32
		{A669EC27-06D1-4B94-8304-AD09ECE09607}.Debug|ARM64.ActiveCfg = Debug|ARM64
		{A669EC27-06D1-4B94-8304-AD09ECE09607}.Debug|ARM64.Build.0 = Debug|ARM64
		{A669EC27-06D1-4B94-8304-AD09ECE09607}.Debug|x64.ActiveCfg = Debug|x64
		{A669EC27-06D1-4B94-8304-AD09ECE09607}.Debug|x64.Build.0 = Debug|x64
		{A669EC27-06D1-4B94-8304-AD09ECE09607}.Debug|x86.ActiveCfg = Debug|Win32
		{A669EC27-06D1-4B94-8304-AD09ECE09607}.Debug|x86.Build.0 = Debug|Win32
		{A669EC27-06D1-4B94-8304-AD09ECE09607}.Release|ARM64.ActiveCfg = Release|ARM64
		{A669EC27-06D1-4B94-8304-AD09ECE09607}.Release|ARM64.Build.0 = Release|ARM64
		{A669EC27-06D1-4B94-8304-AD09ECE09607}.Release|x64.ActiveCfg = Release|x64
		{A669EC27-06D1-4B94-8304-AD09ECE09607}.Release|x64.Build.0 = Release|x64
		{A669EC27-06D1-4B94-8304-AD09ECE09607}.Release|x86.ActiveCfg = Release|Win32
		{A669EC27-06D1-4B94-8304-AD09ECE09607}.Release|x86.Build.0 = Release|Win32
		{A99406CC-CD7B-48EF-9F70-3E51629E3948}.Debug|ARM64.ActiveCfg = Debug|ARM64
		{A99406CC-CD7B-48EF-9F70-3E51629E3948}.Debug|ARM64.Build.0 = Debug|ARM64
		{A99406CC-CD7B-48EF-9F70-3E51629E3948}.Debug|x64.ActiveCfg = Debug|x64
		{A99406CC-CD7B-48EF-9F70-3E51629E3948}.Debug|x64.Build.0 = Debug|x64
		{A99406CC-CD7B-48EF-9F70-3E51629E3948}.Debug|x86.ActiveCfg = Debug|Win32
		{A99406CC-CD7B-48EF-9F70-3E51629E3948}.Debug|x86.Build.0 = Debug|Win32
		{A99406CC-CD7B-48EF-9F70-3E51629E3948}.Release|ARM64.ActiveCfg = Release|ARM64
		{A99406CC-CD7B-48EF-9F70-3E51629E3948}.Release|ARM64.Build.0 = Release|ARM64
		{A99406CC-CD7B-48EF-9F70-3E51629E3948}.Release|x64.ActiveCfg = Release|x64
		{A99406CC-CD7B-48EF-9F70-3E51629E3948}.Release|x64.Build.0 = Release|x64
		{A99406CC-CD7B-48EF-9F70-3E51629E3948}.Release|x86.ActiveCfg = Release|Win32
		{A99406CC-CD7B-48EF-9F70-3E51629E3948}.Release|x86.Build.0 = Release|Win32
		{E09E9850-6730-44A5-A58B-2F02EB75CD3A}.Debug|ARM64.ActiveCfg = Debug|ARM64
		{E09E9850-6730-44A5-A58B-2F02EB75CD3A}.Debug|ARM64.Build.0 = Debug|ARM64
		{E09E9850-6730-44A5-A58B-2F02EB75CD3A}.Debug|x64.ActiveCfg = Debug|x64
		{E09E9850-6730-44A5-A58B-2F02EB75CD3A}.Debug|x64.Build.0 = Debug|x64
		{E09E9850-6730-44A5-A58B-2F02EB75CD3A}.Debug|x86.ActiveCfg = Debug|Win32
		{E09E9850-6730-44A5-A58B-2F02EB75CD3A}.Debug|x86.Build.0 = Debug|Win32
		{E09E9850-6730-44A5-A58B-2F02EB75CD3A}.Release|ARM64.ActiveCfg = Release|ARM64
		{E09E9850-6730-44A5-A58B-2F02EB75CD3A}.Release|ARM64.Build.0 = Release|ARM64
		{E09E9850-6730-44A5-A58B-2F02EB75CD3A}.Release|x64.ActiveCfg = Release|x64
		{E09E9850-6730-44A5-A58B-2F02EB75CD3A}.Release|x64.Build.0 = Release|x64
		{E09E9850-6730-44A5-A58B-2F02EB75CD3A}.Release|x86.ActiveCfg = Release|Win32
		{E09E9850-6730-44A5-A58B-2F02EB75CD3A}.Release|x86.Build.0 = Release|Win32
		{18A2F0AA-9753-4890-816B-5981921805DC}.Debug|ARM64.ActiveCfg = Debug|ARM64
		{18A2F0AA-9753-4890-816B-5981921805DC}.Debug|ARM64.Build.0 = Debug|ARM64
		{18A2F0AA-9753-4890-816B-5981921805DC}.Debug|x64.ActiveCfg = Debug|x64
		{18A2F0AA-9753-4890-816B-5981921805DC}.Debug|x64.Build.0 = Debug|x64
		{18A2F0AA-9753-4890-816B-5981921805DC}.Debug|x86.ActiveCfg = Debug|Win32
		{18A2F0AA-9753-4890-816B-5981921805DC}.Debug|x86.Build.0 = Debug|Win32
		{18A2F0AA-9753-4890-816B-5981921805DC}.Release|ARM64.ActiveCfg = Release|ARM64
		{18A2F0AA-9753-4890-816B-5981921805DC}.Release|ARM64.Build.0 = Release|ARM64
		{18A2F0AA-9753-4890-816B-5981921805DC}.Release|x64.ActiveCfg = Release|x64
		{18A2F0AA-9753-4890-816B-5981921805DC}.Release|x64.Build.0 = Release|x64
		{18A2F0AA-9753-4890-816B-5981921805DC}.Release|x86.ActiveCfg = Release|Win32
		{18A2F0AA-9753-4890-816B-5981921805DC}.Release|x86.Build.0 = Release|Win32
		{C3069D98-F29C-4D77-A96A-7F2AF8D4101B}.Debug|ARM64.ActiveCfg = Debug|ARM64
		{C3069D98-F29C-4D77-A96A-7F2AF8D4101B}.Debug|ARM64.Build.0 = Debug|ARM64
		{C3069D98-F29C-4D77-A96A-7F2AF8D4101B}.Debug|x64.ActiveCfg = Debug|x64
		{C3069D98-F29C-4D77-A96A-7F2AF8D4101B}.Debug|x64.Build.0 = Debug|x64
		{C3069D98-F29C-4D77-A96A-7F2AF8D4101B}.Debug|x86.ActiveCfg = Debug|Win32
		{C3069D98-F29C-4D77-A96A-7F2AF8D4101B}.Debug|x86.Build.0 = Debug|Win32
		{C3069D98-F29C-4D77-A96A-7F2AF8D4101B}.Release|ARM64.ActiveCfg = Release|ARM64
		{C3069D98-F29C-4D77-A96A-7F2AF8D4101B}.Release|ARM64.Build.0 = Release|ARM64
		{C3069D98-F29C-4D77-A96A-7F2AF8D4101B}.Release|x64.ActiveCfg = Release|x64
		{C3069D98-F29C-4D77-A96A-7F2AF8D4101B}.Release|x64.Build.0 = Release|x64
		{C3069D98-F29C-4D77-A96A-7F2AF8D4101B}.Release|x86.ActiveCfg = Release|Win32
		{C3069D98-F29C-4D77-A96A-7F2AF8D4101B}.Release|x86.Build.0 = Release|Win32
		{40F002D1-6BA3-4F81-9B2C-C8C84B4FD185}.Debug|ARM64.ActiveCfg = Debug|ARM64
		{40F002D1-6BA3-4F81-9B2C-C8C84B4FD185}.Debug|ARM64.Build.0 = Debug|ARM64
		{40F002D1-6BA3-4F81-9B2C-C8C84B4FD185}.Debug|x64.ActiveCfg = Debug|x64
		{40F002D1-6BA3-4F81-9B2C-C8C84B4FD185}.Debug|x64.Build.0 = Debug|x64
		{40F002D1-6BA3-4F81-9B2C-C8C84B4FD185}.Debug|x86.ActiveCfg = Debug|Win32
		{40F002D1-6BA3-4F81-9B2C-C8C84B4FD185}.Debug|x86.Build.0 = Debug|Win32
		{40F002D1-6BA3-4F81-9B2C-C8C84B4FD185}.Release|ARM64.ActiveCfg = Release|ARM64
		{40F002D1-6BA3-4F81-9B2C-C8C84B4FD185}.Release|ARM64.Build.0 = Release|ARM64
		{40F002D1-6BA3-4F81-9B2C-C8C84B4FD185}.Release|x64.ActiveCfg = Release|x64
		{40F002D1-6BA3-4F81-9B2C-C8C84B4FD185}.Release|x64.Build.0 = Release|x64
		{40F002D1-6BA3-4F81-9B2C-C8C84B4FD185}.Release|x86.ActiveCfg = Release|Win32
		{40F002D1-6BA3-4F81-9B2C-C8C84B4FD185}.Release|x86.Build.0 = Release|Win32
		{79B7EAE9-FD99-46C3-9D2F-96A2EDDE8AA5}.Debug|ARM64.ActiveCfg = Debug|ARM64
		{79B7EAE9-FD99-46C3-9D2F-96A2EDDE8AA5}.Debug|ARM64.Build.0 = Debug|ARM64
		{79B7EAE9-FD99-46C3-9D2F-96A2EDDE8AA5}.Debug|x64.ActiveCfg = Debug|x64
		{79B7EAE9-FD99-46C3-9D2F-96A2EDDE8AA5}.Debug|x64.Build.0 = Debug|x64
		{79B7EAE9-FD99-46C3-9D2F-96A2EDDE8AA5}.Debug|x86.ActiveCfg = Debug|Win32
		{79B7EAE9-FD99-46C3-9D2F-96A2EDDE8AA5}.Debug|x86.Build.0 = Debug|Win32
		{79B7EAE9-FD99-46C3-9D2F-96A2EDDE8AA5}.Release|ARM64.ActiveCfg = Release|ARM64
		{79B7EAE9-FD99-46C3-9D2F-96A2EDDE8AA5}.Release|ARM64.Build.0 = Release|ARM64
		{79B7EAE9-FD99-46C3-9D2F-96A2EDDE8AA5}.Release|x64.ActiveCfg = Release|x64
		{79B7EAE9-FD99-46C3-9D2F-96A2EDDE8AA5}.Release|x64.Build.0 = Release|x64
		{79B7EAE9-FD99-46C3-9D2F-96A2EDDE8AA5}.Release|x86.ActiveCfg = Release|Win32
		{79B7EAE9-FD99-46C3-9D2F-96A2EDDE8AA5}.Release|x86.Build.0 = Release|Win32
		{A6747E1B-345E-4E15-A788-5856A7525916}.Debug|ARM64.ActiveCfg = Debug|ARM64
		{A6747E1B-345E-4E15-A788-5856A7525916}.Debug|ARM64.Build.0 = Debug|ARM64
		{A6747E1B-345E-4E15-A788-5856A7525916}.Debug|x64.ActiveCfg = Debug|x64
		{A6747E1B-345E-4E15-A788-5856A7525916}.Debug|x64.Build.0 = Debug|x64
		{A6747E1B-345E-4E15-A788-5856A7525916}.Debug|x86.ActiveCfg = Debug|Win32
		{A6747E1B-345E-4E15-A788-5856A7525916}.Debug|x86.Build.0 = Debug|Win32
		{A6747E1B-345E-4E15-A788-5856A7525916}.Release|ARM64.ActiveCfg = Release|ARM64
		{A6747E1B-345E-4E15-A788-5856A7525916}.Release|ARM64.Build.0 = Release|ARM64
		{A6747E1B-345E-4E15-A788-5856A7525916}.Release|x64.ActiveCfg = Release|x64
		{A6747E1B-345E-4E15-A788-5856A7525916}.Release|x64.Build.0 = Release|x64
		{A6747E1B-345E-4E15-A788-5856A7525916}.Release|x86.ActiveCfg = Release|Win32
		{A6747E1B-345E-4E15-A788-5856A7525916}.Release|x86.Build.0 = Release|Win32
		{C1C65E1B-4672-4A47-B599-274FA34418A6}.Debug|ARM64.ActiveCfg = Debug|ARM64
		{C1C65E1B-4672-4A47-B599-274FA34418A6}.Debug|ARM64.Build.0 = Debug|ARM64
		{C1C65E1B-4672-4A47-B599-274FA34418A6}.Debug|x64.ActiveCfg = Debug|x64
		{C1C65E1B-4672-4A47-B599-274FA34418A6}.Debug|x64.Build.0 = Debug|x64
		{C1C65E1B-4672-4A47-B599-274FA34418A6}.Debug|x86.ActiveCfg = Debug|Win32
		{C1C65E1B-4672-4A47-B599-274FA34418A6}.Debug|x86.Build.0 = Debug|Win32
		{C1C65E1B-4672-4A47-B599-274FA34418A6}.Release|ARM64.ActiveCfg = Release|ARM64
		{C1C65E1B-4672-4A47-B599-274FA34418A6}.Release|ARM64.Build.0 = Release|ARM64
		{C1C65E1B-4672-4A47-B599-274FA34418A6}.Release|x64.ActiveCfg = Release|x64
		{C1C65E1B-4672-4A47-B599-274FA34418A6}.Release|x64.Build.0 = Release|x64
		{C1C65E1B-4672-4A47-B599-274FA34418A6}.Release|x86.ActiveCfg = Release|Win32
		{C1C65E1B-4672-4A47-B599-274FA34418A6}.Release|x86.Build.0 = Release|Win32
		{1D946C4C-08F0-4618-9916-4FC5ED50F063}.Debug|ARM64.ActiveCfg = Debug|ARM64
		{1D946C4C-08F0-4618-9916-4FC5ED50F063}.Debug|ARM64.Build.0 = Debug|ARM64
		{1D946C4C-08F0-4618-9916-4FC5ED50F063}.Debug|x64.ActiveCfg = Debug|x64
		{1D946C4C-08F0-4618-9916-4FC5ED50F063}.Debug|x64.Build.0 = Debug|x64
		{1D946C4C-08F0-4618-9916-4FC5ED50F063}.Debug|x86.ActiveCfg = Debug|Win32
		{1D946C4C-08F0-4618-9916-4FC5ED50F063}.Debug|x86.Build.0 = Debug|Win32
		{1D946C4C-08F0-4618-9916-4FC5ED50F063}.Release|ARM64.ActiveCfg = Release|ARM64
		{1D946C4C-08F0-4618-9916-4FC5ED50F063}.Release|ARM64.Build.0 = Release|ARM64
		{1D946C4C-08F0-4618-9916-4FC5ED50F063}.Release|x64.ActiveCfg = Release|x64
		{1D946C4C-08F0-4618-9916-4FC5ED50F063}.Release|x64.Build.0 = Release|x64
		{1D946C4C-08F0-4618-9916-4FC5ED50F063}.Release|x86.ActiveCfg = Release|Win32
		{1D946C4C-08F0-4618-9916-4FC5ED50F063}.Release|x86.Build.0 = Release|Win32
		{4F858C96-9263-4F32-A82F-589858192F2A}.Debug|ARM64.ActiveCfg = Debug|ARM64
		{4F858C96-9263-4F32-A82F-589858192F2A}.Debug|ARM64.Build.0 = Debug|ARM64
		{4F858C96-9263-4F32-A82F-589858192F2A}.Debug|x64.ActiveCfg = Debug|x64
		{4F858C96-9263-4F32-A82F-589858192F2A}.Debug|x64.Build.0 = Debug|x64
		{4F858C96-9263-4F32-A82F-589858192F2A}.Debug|x86.ActiveCfg = Debug|Win32
		{4F858C96-9263-4F32-A82F-589858192F2A}.Debug|x86.Build.0 = Debug|Win32
		{4F858C96-9263-4F32-A82F-589858192F2A}.Release|ARM64.ActiveCfg = Release|ARM64
		{4F858C96-9263-4F32-A82F-589858192F2A}.Release|ARM64.Build.0 = Release|ARM64
		{4F858C96-9263-4F32-A82F-589858192F2A}.Release|x64.ActiveCfg = Release|x64
		{4F858C96-9263-4F32-A82F-589858192F2A}.Release|x64.Build.0 = Release|x64
		{4F858C96-9263-4F32-A82F-589858192F2A}.Release|x86.ActiveCfg = Release|Win32
		{4F858C96-9263-4F32-A82F-589858192F2A}.Release|x86.Build.0 = Release|Win32
		{35AAB0E9-DF18-4456-AA5A-F011C4AEA1BF}.Debug|ARM64.ActiveCfg = Debug|ARM64
		{35AAB0E9-DF18-4456-AA5A-F011C4AEA1BF}.Debug|ARM64.Build.0 = Debug|ARM64
		{35AAB0E9-DF18-4456-AA5A-F011C4AEA1BF}.Debug|x64.ActiveCfg = Debug|x64
		{35AAB0E9-DF18-4456-AA5A-F011C4AEA1BF}.Debug|x64.Build.0 = Debug|x64
		{35AAB0E9-DF18-4456-AA5A-F011C4AEA1BF}.Debug|x86.ActiveCfg = Debug|Win32
		{35AAB0E9-DF18-4456-AA5A-F011C4AEA1BF}.Debug|x86.Build.0 = Debug|Win32
		{35AAB0E9-DF18-4456-AA5A-F011C4AEA1BF}.Release|ARM64.ActiveCfg = Release|ARM64
		{35AAB0E9-DF18-4456-AA5A-F011C4AEA1BF}.Release|ARM64.Build.0 = Release|ARM64
		{35AAB0E9-DF18-4456-AA5A-F011C4AEA1BF}.Release|x64.ActiveCfg = Release|x64
		{35AAB0E9-DF18-4456-AA5A-F011C4AEA1BF}.Release|x64.Build.0 = Release|x64
		{35AAB0E9-DF18-4456-AA5A-F011C4AEA1BF}.Release|x86.ActiveCfg = Release|Win32
		{35AAB0E9-DF18-4456-AA5A-F011C4AEA1BF}.Release|x86.Build.0 = Release|Win32
		{6A3FD095-D277-48AB-8B5E-0C9E9F1F4510}.Debug|ARM64.ActiveCfg = Debug|ARM64
		{6A3FD095-D277-48AB-8B5E-0C9E9F1F4510}.Debug|ARM64.Build.0 = Debug|ARM64
		{6A3FD095-D277-48AB-8B5E-0C9E9F1F4510}.Debug|x64.ActiveCfg = Debug|x64
		{6A3FD095-D277-48AB-8B5E-0C9E9F1F4510}.Debug|x64.Build.0 = Debug|x64
		{6A3FD095-D277-48AB-8B5E-0C9E9F1F4510}.Debug|x86.ActiveCfg = Debug|Win32
		{6A3FD095-D277-48AB-8B5E-0C9E9F1F4510}.Debug|x86.Build.0 = Debug|Win32
		{6A3FD095-D277-48AB-8B5E-0C9E9F1F4510}.Release|ARM64.ActiveCfg = Release|ARM64
		{6A3FD095-D277-48AB-8B5E-0C9E9F1F4510}.Release|ARM64.Build.0 = Release|ARM64
		{6A3FD095-D277-48AB-8B5E-0C9E9F1F4510}.Release|x64.ActiveCfg = Release|x64
		{6A3FD095-D277-48AB-8B5E-0C9E9F1F4510}.Release|x64.Build.0 = Release|x64
		{6A3FD095-D277-48AB-8B5E-0C9E9F1F4510}.Release|x86.ActiveCfg = Release|Win32
		{6A3FD095-D277-48AB-8B5E-0C9E9F1F4510}.Release|x86.Build.0 = Release|Win32
		{1ECDDEB3-2A9B-4B6B-9AA8-1EDF98A44600}.Debug|ARM64.ActiveCfg = Debug|ARM64
		{1ECDDEB3-2A9B-4B6B-9AA8-1EDF98A44600}.Debug|ARM64.Build.0 = Debug|ARM64
		{1ECDDEB3-2A9B-4B6B-9AA8-1EDF98A44600}.Debug|x64.ActiveCfg = Debug|x64
		{1ECDDEB3-2A9B-4B6B-9AA8-1EDF98A44600}.Debug|x64.Build.0 = Debug|x64
		{1ECDDEB3-2A9B-4B6B-9AA8-1EDF98A44600}.Debug|x86.ActiveCfg = Debug|Win32
		{1ECDDEB3-2A9B-4B6B-9AA8-1EDF98A44600}.Debug|x86.Build.0 = Debug|Win32
		{1ECDDEB3-2A9B-4B6B-9AA8-1EDF98A44600}.Release|ARM64.ActiveCfg = Release|ARM64
		{1ECDDEB3-2A9B-4B6B-9AA8-1EDF98A44600}.Release|ARM64.Build.0 = Release|ARM64
		{1ECDDEB3-2A9B-4B6B-9AA8-1EDF98A44600}.Release|x64.ActiveCfg = Release|x64
		{1ECDDEB3-2A9B-4B6B-9AA8-1EDF98A44600}.Release|x64.Build.0 = Release|x64
		{1ECDDEB3-2A9B-4B6B-9AA8-1EDF98A44600}.Release|x86.ActiveCfg = Release|Win32
		{1ECDDEB3-2A9B-4B6B-9AA8-1EDF98A44600}.Release|x86.Build.0 = Release|Win32
		{48447221-140D-4B15-A1BA-FCB2E10D3D62}.Debug|ARM64.ActiveCfg = Debug|ARM64
		{48447221-140D-4B15-A1BA-FCB2E10D3D62}.Debug|ARM64.Build.0 = Debug|ARM64
		{48447221-140D-4B15-A1BA-FCB2E10D3D62}.Debug|x64.ActiveCfg = Debug|x64
		{48447221-140D-4B15-A1BA-FCB2E10D3D62}.Debug|x64.Build.0 = Debug|x64
		{48447221-140D-4B15-A1BA-FCB2E10D3D62}.Debug|x86.ActiveCfg = Debug|Win32
		{48447221-140D-4B15-A1BA-FCB2E10D3D62}.Debug|x86.Build.0 = Debug|Win32
		{48447221-140D-4B15-A1BA-FCB2E10D3D62}.Release|ARM64.ActiveCfg = Release|ARM64
		{48447221-140D-4B15-A1BA-FCB2E10D3D62}.Release|ARM64.Build.0 = Release|ARM64
		{48447221-140D-4B15-A1BA-FCB2E10D3D62}.Release|x64.ActiveCfg = Release|x64
		{48447221-140D-4B15-A1BA-FCB2E10D3D62}.Release|x64.Build.0 = Release|x64
		{48447221-140D-4B15-A1BA-FCB2E10D3D62}.Release|x86.ActiveCfg = Release|Win32
		{48447221-140D-4B15-A1BA-FCB2E10D3D62}.Release|x86.Build.0 = Release|Win32
		{4EC926C8-3C91-4939-BA92-48E51555C294}.Debug|ARM64.ActiveCfg = Debug|ARM64
		{4EC926C8-3C91-4939-BA92-48E51555C294}.Debug|ARM64.Build.0 = Debug|ARM64
		{4EC926C8-3C91-4939-BA92-48E51555C294}.Debug|x64.ActiveCfg = Debug|x64
		{4EC926C8-3C91-4939-BA92-48E51555C294}.Debug|x64.Build.0 = Debug|x64
		{4EC926C8-3C91-4939-BA92-48E51555C294}.Debug|x86.ActiveCfg = Debug|Win32
		{4EC926C8-3C91-4939-BA92-48E51555C294}.Debug|x86.Build.0 = Debug|Win32
		{4EC926C8-3C91-4939-BA92-48E51555C294}.Release|ARM64.ActiveCfg = Release|ARM64
		{4EC926C8-3C91-4939-BA92-48E51555C294}.Release|ARM64.Build.0 = Release|ARM64
		{4EC926C8-3C91-4939-BA92-48E51555C294}.Release|x64.ActiveCfg = Release|x64
		{4EC926C8-3C91-4939-BA92-48E51555C294}.Release|x64.Build.0 = Release|x64
		{4EC926C8-3C91-4939-BA92-48E51555C294}.Release|x86.ActiveCfg = Release|Win32
		{4EC926C8-3C91-4939-BA92-48E51555C294}.Release|x86.Build.0 = Release|Win32
		{10D65EC4-201E-4A95-978F-3BCD7B383F47}.Debug|ARM64.ActiveCfg = Debug|ARM64
		{10D65EC4-201E-4A95-978F-3BCD7B383F47}.Debug|ARM64.Build.0 = Debug|ARM64
		{10D65EC4-201E-4A95-978F-3BCD7B383F47}.Debug|x64.ActiveCfg = Debug|x64
		{10D65EC4-201E-4A95-978F-3BCD7B383F47}.Debug|x64.Build.0 = Debug|x64
		{10D65EC4-201E-4A95-978F-3BCD7B383F47}.Debug|x86.ActiveCfg = Debug|Win32
		{10D65EC4-201E-4A95-978F-3BCD7B383F47}.Debug|x86.Build.0 = Debug|Win32
		{10D65EC4-201E-4A95-978F-3BCD7B383F47}.Release|ARM64.ActiveCfg = Release|ARM64
		{10D65EC4-201E-4A95-978F-3BCD7B383F47}.Release|ARM64.Build.0 = Release|ARM64
		{10D65EC4-201E-4A95-978F-3BCD7B383F47}.Release|x64.ActiveCfg = Release|x64
		{10D65EC4-201E-4A95-978F-3BCD7B383F47}.Release|x64.Build.0 = Release|x64
		{10D65EC4-201E-4A95-978F-3BCD7B383F47}.Release|x86.ActiveCfg = Release|Win32
		{10D65EC4-201E-4A95-978F-3BCD7B383F47}.Release|x86.Build.0 = Release|Win32
		{AFFCC723-6626-441D-9AC2-7B2EC05BEAD2}.Debug|ARM64.ActiveCfg = Debug|ARM64
		{AFFCC723-6626-441D-9AC2-7B2EC05BEAD2}.Debug|ARM64.Build.0 = Debug|ARM64
		{AFFCC723-6626-441D-9AC2-7B2EC05BEAD2}.Debug|x64.ActiveCfg = Debug|x64
		{AFFCC723-6626-441D-9AC2-7B2EC05BEAD2}.Debug|x64.Build.0 = Debug|x64
		{AFFCC723-6626-441D-9AC2-7B2EC05BEAD2}.Debug|x86.ActiveCfg = Debug|Win32
		{AFFCC723-6626-441D-9AC2-7B2EC05BEAD2}.Debug|x86.Build.0 = Debug|Win32
		{AFFCC723-6626-441D-9AC2-7B2EC05BEAD2}.Release|ARM64.ActiveCfg = Release|ARM64
		{AFFCC723-6626-441D-9AC2-7B2EC05BEAD2}.Release|ARM64.Build.0 = Release|ARM64
		{AFFCC723-6626-441D-9AC2-7B2EC05BEAD2}.Release|x64.ActiveCfg = Release|x64
		{AFFCC723-6626-441D-9AC2-7B2EC05BEAD2}.Release|x64.Build.0 = Release|x64
		{AFFCC723-6626-441D-9AC2-7B2EC05BEAD2}.Release|x86.ActiveCfg = Release|Win32
		{AFFCC723-6626-441D-9AC2-7B2EC05BEAD2}.Release|x86.Build.0 = Release|Win32
		{016337D9-61D8-42A3-8EF1-16B74ACC337E}.Debug|ARM64.ActiveCfg = Debug|ARM64
		{016337D9-61D8-42A3-8EF1-16B74ACC337E}.Debug|ARM64.Build.0 = Debug|ARM64
		{016337D9-61D8-42A3-8EF1-16B74ACC337E}.Debug|x64.ActiveCfg = Debug|x64
		{016337D9-61D8-42A3-8EF1-16B74ACC337E}.Debug|x64.Build.0 = Debug|x64
		{016337D9-61D8-42A3-8EF1-16B74ACC337E}.Debug|x86.ActiveCfg = Debug|Win32
		{016337D9-61D8-42A3-8EF1-16B74ACC337E}.Debug|x86.Build.0 = Debug|Win32
		{016337D9-61D8-42A3-8EF1-16B74ACC337E}.Release|ARM64.ActiveCfg = Release|ARM64
		{016337D9-61D8-42A3-8EF1-16B74ACC337E}.Release|ARM64.Build.0 = Release|ARM64
		{016337D9-61D8-42A3-8EF1-16B74ACC337E}.Release|x64.ActiveCfg = Release|x64
		{016337D9-61D8-42A3-8EF1-16B74ACC337E}.Release|x64.Build.0 = Release|x64
		{016337D9-61D8-42A3-8EF1-16B74ACC337E}.Release|x86.ActiveCfg = Release|Win32
		{016337D9-61D8-42A3-8EF1-16B74ACC337E}.Release|x86.Build.0 = Release|Win32
		{9F06C5FD-7888-48BD-8CE0-2652AA011112}.Debug|ARM64.ActiveCfg = Debug|ARM64
		{9F06C5FD-7888-48BD-8CE0-2652AA011112}.Debug|ARM64.Build.0 = Debug|ARM64
		{9F06C5FD-7888-48BD-8CE0-2652AA011112}.Debug|x64.ActiveCfg = Debug|x64
		{9F06C5FD-7888-48BD-8CE0-2652AA011112}.Debug|x64.Build.0 = Debug|x64
		{9F06C5FD-7888-48BD-8CE0-2652AA011112}.Debug|x86.ActiveCfg = Debug|Win32
		{9F06C5FD-7888-48BD-8CE0-2652AA011112}.Debug|x86.Build.0 = Debug|Win32
		{9F06C5FD-7888-48BD-8CE0-2652AA011112}.Release|ARM64.ActiveCfg = Release|ARM64
		{9F06C5FD-7888-48BD-8CE0-2652AA011112}.Release|ARM64.Build.0 = Release|ARM64
		{9F06C5FD-7888-48BD-8CE0-2652AA011112}.Release|x64.ActiveCfg = Release|x64
		{9F06C5FD-7888-48BD-8CE0-2652AA011112}.Release|x64.Build.0 = Release|x64
		{9F06C5FD-7888-48BD-8CE0-2652AA011112}.Release|x86.ActiveCfg = Release|Win32
		{9F06C5FD-7888-48BD-8CE0-2652AA011112}.Release|x86.Build.0 = Release|Win32
		{34F45CC4-2B17-41B3-B8AA-26703883B020}.Debug|ARM64.ActiveCfg = Debug|ARM64
		{34F45CC4-2B17-41B3-B8AA-26703883B020}.Debug|ARM64.Build.0 = Debug|ARM64
		{34F45CC4-2B17-41B3-B8AA-26703883B020}.Debug|x64.ActiveCfg = Debug|x64
		{34F45CC4-2B17-41B3-B8AA-26703883B020}.Debug|x64.Build.0 = Debug|x64
		{34F45CC4-2B17-41B3-B8AA-26703883B020}.Debug|x86.ActiveCfg = Debug|Win32
		{34F45CC4-2B17-41B3-B8AA-26703883B020}.Debug|x86.Build.0 = Debug|Win32
		{34F45CC4-2B17-41B3-B8AA-26703883B020}.Release|ARM64.ActiveCfg = Release|ARM64
		{34F45CC4-2B17-41B3-B8AA-26703883B020}.Release|ARM64.Build.0 = Release|ARM64
		{34F45CC4-2B17-41B3-B8AA-26703883B020}.Release|x64.ActiveCfg = Release|x64
		{34F45CC4-2B17-41B3-B8AA-26703883B020}.Release|x64.Build.0 = Release|x64
		{34F45CC4-2B17-41B3-B8AA-26703883B020}.Release|x86.ActiveCfg = Release|Win32
		{34F45CC4-2B17-41B3-B8AA-26703883B020}.Release|x86.Build.0 = Release|Win32
		{66D38D00-635C-4A19-AB1B-B6849987C76F}.Debug|ARM64.ActiveCfg = Debug|ARM64
		{66D38D00-635C-4A19-AB1B-B6849987C76F}.Debug|ARM64.Build.0 = Debug|ARM64
		{66D38D00-635C-4A19-AB1B-B6849987C76F}.Debug|x64.ActiveCfg = Debug|x64
		{66D38D00-635C-4A19-AB1B-B6849987C76F}.Debug|x64.Build.0 = Debug|x64
		{66D38D00-635C-4A19-AB1B-B6849987C76F}.Debug|x86.ActiveCfg = Debug|Win32
		{66D38D00-635C-4A19-AB1B-B6849987C76F}.Debug|x86.Build.0 = Debug|Win32
		{66D38D00-635C-4A19-AB1B-B6849987C76F}.Release|ARM64.ActiveCfg = Release|ARM64
		{66D38D00-635C-4A19-AB1B-B6849987C76F}.Release|ARM64.Build.0 = Release|ARM64
		{66D38D00-635C-4A19-AB1B-B6849987C76F}.Release|x64.ActiveCfg = Release|x64
		{66D38D00-635C-4A19-AB1B-B6849987C76F}.Release|x64.Build.0 = Release|x64
		{66D38D00-635C-4A19-AB1B-B6849987C76F}.Release|x86.ActiveCfg = Release|Win32
		{66D38D00-635C-4A19-AB1B-B6849987C76F}.Release|x86.Build.0 = Release|Win32
		{14B8B3D3-F00E-4C1B-BF75-F22B85CAD52C}.Debug|ARM64.ActiveCfg = Debug|ARM64
		{14B8B3D3-F00E-4C1B-BF75-F22B85CAD52C}.Debug|ARM64.Build.0 = Debug|ARM64
		{14B8B3D3-F00E-4C1B-BF75-F22B85CAD52C}.Debug|x64.ActiveCfg = Debug|x64
		{14B8B3D3-F00E-4C1B-BF75-F22B85CAD52C}.Debug|x64.Build.0 = Debug|x64
		{14B8B3D3-F00E-4C1B-BF75-F22B85CAD52C}.Debug|x86.ActiveCfg = Debug|Win32
		{14B8B3D3-F00E-4C1B-BF75-F22B85CAD52C}.Debug|x86.Build.0 = Debug|Win32
		{14B8B3D3-F00E-4C1B-BF75-F22B85CAD52C}.Release|ARM64.ActiveCfg = Release|ARM64
		{14B8B3D3-F00E-4C1B-BF75-F22B85CAD52C}.Release|ARM64.Build.0 = Release|ARM64
		{14B8B3D3-F00E-4C1B-BF75-F22B85CAD52C}.Release|x64.ActiveCfg = Release|x64
		{14B8B3D3-F00E-4C1B-BF75-F22B85CAD52C}.Release|x64.Build.0 = Release|x64
		{14B8B3D3-F00E-4C1B-BF75-F22B85CAD52C}.Release|x86.ActiveCfg = Release|Win32
		{14B8B3D3-F00E-4C1B-BF75-F22B85CAD52C}.Release|x86.Build.0 = Release|Win32
		{459CA477-BCE7-4BB3-8282-42E07B54AF03}.Debug|ARM64.ActiveCfg = Debug|ARM64
		{459CA477-BCE7-4BB3-8282-42E07B54AF03}.Debug|ARM64.Build.0 = Debug|ARM64
		{459CA477-BCE7-4BB3-8282-42E07B54AF03}.Debug|x64.ActiveCfg = Debug|x64
		{459CA477-BCE7-4BB3-8282-42E07B54AF03}.Debug|x64.Build.0 = Debug|x64
		{459CA477-BCE7-4BB3-8282-42E07B54AF03}.Debug|x86.ActiveCfg = Debug|Win32
		{459CA477-BCE7-4BB3-8282-42E07B54AF03}.Debug|x86.Build.0 = Debug|Win32
		{459CA477-BCE7-4BB3-8282-42E07B54AF03}.Release|ARM64.ActiveCfg = Release|ARM64
		{459CA477-BCE7-4BB3-8282-42E07B54AF03}.Release|ARM64.Build.0 = Release|ARM64
		{459CA477-BCE7-4BB3-8282-42E07B54AF03}.Release|x64.ActiveCfg = Release|x64
		{459CA477-BCE7-4BB3-8282-42E07B54AF03}.Release|x64.Build.0 = Release|x64
		{459CA477-BCE7-4BB3-8282-42E07B54AF03}.Release|x86.ActiveCfg = Release|Win32
		{459CA477-BCE7-4BB3-8282-42E07B54AF03}.Release|x86.Build.0 = Release|Win32
		{F0F8C20B-00E8-49CC-91C9-995644726CA3}.Debug|ARM64.ActiveCfg = Debug|ARM64
		{F0F8C20B-00E8-49CC-91C9-995644726CA3}.Debug|ARM64.Build.0 = Debug|ARM64
		{F0F8C20B-00E8-49CC-91C9-995644726CA3}.Debug|x64.ActiveCfg = Debug|x64
		{F0F8C20B-00E8-49CC-91C9-995644726CA3}.Debug|x64.Build.0 = Debug|x64
		{F0F8C20B-00E8-49CC-91C9-995644726CA3}.Debug|x86.ActiveCfg = Debug|Win32
		{F0F8C20B-00E8-49CC-91C9-995644726CA3}.Debug|x86.Build.0 = Debug|Win32
		{F0F8C20B-00E8-49CC-91C9-995644726CA3}.Release|ARM64.ActiveCfg = Release|ARM64
		{F0F8C20B-00E8-49CC-91C9-995644726CA3}.Release|ARM64.Build.0 = Release|ARM64
		{F0F8C20B-00E8-49CC-91C9-995644726CA3}.Release|x64.ActiveCfg = Release|x64
		{F0F8C20B-00E8-49CC-91C9-995644726CA3}.Release|x64.Build.0 = Release|x64
		{F0F8C20B-00E8-49CC-91C9-995644726CA3}.Release|x86.ActiveCfg = Release|Win32
		{F0F8C20B-00E8-49CC-91C9-995644726CA3}.Release|x86.Build.0 = Release|Win32
		{D7B24702-BCE6-487A-ABB4-38B174488653}.Debug|ARM64.ActiveCfg = Debug|ARM64
		{D7B24702-BCE6-487A-ABB4-38B174488653}.Debug|ARM64.Build.0 = Debug|ARM64
		{D7B24702-BCE6-487A-ABB4-38B174488653}.Debug|x64.ActiveCfg = Debug|x64
		{D7B24702-BCE6-487A-ABB4-38B174488653}.Debug|x64.Build.0 = Debug|x64
		{D7B24702-BCE6-487A-ABB4-38B174488653}.Debug|x86.ActiveCfg = Debug|Win32
		{D7B24702-BCE6-487A-ABB4-38B174488653}.Debug|x86.Build.0 = Debug|Win32
		{D7B24702-BCE6-487A-ABB4-38B174488653}.Release|ARM64.ActiveCfg = Release|ARM64
		{D7B24702-BCE6-487A-ABB4-38B174488653}.Release|ARM64.Build.0 = Release|ARM64
		{D7B24702-BCE6-487A-ABB4-38B174488653}.Release|x64.ActiveCfg = Release|x64
		{D7B24702-BCE6-487A-ABB4-38B174488653}.Release|x64.Build.0 = Release|x64
		{D7B24702-BCE6-487A-ABB4-38B174488653}.Release|x86.ActiveCfg = Release|Win32
		{D7B24702-BCE6-487A-ABB4-38B174488653}.Release|x86.Build.0 = Release|Win32
		{CDC97D9A-A187-4556-9C78-4952036CBA0F}.Debug|ARM64.ActiveCfg = Debug|ARM64
		{CDC97D9A-A187-4556-9C78-4952036CBA0F}.Debug|ARM64.Build.0 = Debug|ARM64
		{CDC97D9A-A187-4556-9C78-4952036CBA0F}.Debug|x64.ActiveCfg = Debug|x64
		{CDC97D9A-A187-4556-9C78-4952036CBA0F}.Debug|x64.Build.0 = Debug|x64
		{CDC97D9A-A187-4556-9C78-4952036CBA0F}.Debug|x86.ActiveCfg = Debug|Win32
		{CDC97D9A-A187-4556-9C78-4952036CBA0F}.Debug|x86.Build.0 = Debug|Win32
		{CDC97D9A-A187-4556-9C78-4952036CBA0F}.Release|ARM64.ActiveCfg = Release|ARM64
		{CDC97D9A-A187-4556-9C78-4952036CBA0F}.Release|ARM64.Build.0 = Release|ARM64
		{CDC97D9A-A187-4556-9C78-4952036CBA0F}.Release|x64.ActiveCfg = Release|x64
		{CDC97D9A-A187-4556-9C78-4952036CBA0F}.Release|x64.Build.0 = Release|x64
		{CDC97D9A-A187-4556-9C78-4952036CBA0F}.Release|x86.ActiveCfg = Release|Win32
		{CDC97D9A-A187-4556-9C78-4952036CBA0F}.Release|x86.Build.0 = Release|Win32
		{B1013B7C-64B6-46E9-892E-89166D3A9E40}.Debug|ARM64.ActiveCfg = Debug|ARM64
		{B1013B7C-64B6-46E9-892E-89166D3A9E40}.Debug|ARM64.Build.0 = Debug|ARM64
		{B1013B7C-64B6-46E9-892E-89166D3A9E40}.Debug|x64.ActiveCfg = Debug|x64
		{B1013B7C-64B6-46E9-892E-89166D3A9E40}.Debug|x64.Build.0 = Debug|x64
		{B1013B7C-64B6-46E9-892E-89166D3A9E40}.Debug|x86.ActiveCfg = Debug|Win32
		{B1013B7C-64B6-46E9-892E-89166D3A9E40}.Debug|x86.Build.0 = Debug|Win32
		{B1013B7C-64B6-46E9-892E-89166D3A9E40}.Release|ARM64.ActiveCfg = Release|ARM64
		{B1013B7C-64B6-46E9-892E-89166D3A9E40}.Release|ARM64.Build.0 = Release|ARM64
		{B1013B7C-64B6-46E9-892E-89166D3A9E40}.Release|x64.ActiveCfg = Release|x64
		{B1013B7C-64B6-46E9-892E-89166D3A9E40}.Release|x64.Build.0 = Release|x64
		{B1013B7C-64B6-46E9-892E-89166D3A9E40}.Release|x86.ActiveCfg = Release|Win32
		{B1013B7C-64B6-46E9-892E-89166D3A9E40}.Release|x86.Build.0 = Release|Win32
		{02FF4EFA-8332-473E-89B0-37DD965447FD}.Debug|ARM64.ActiveCfg = Debug|ARM64
		{02FF4EFA-8332-473E-89B0-37DD965447FD}.Debug|ARM64.Build.0 = Debug|ARM64
		{02FF4EFA-8332-473E-89B0-37DD965447FD}.Debug|x64.ActiveCfg = Debug|x64
		{02FF4EFA-8332-473E-89B0-37DD965447FD}.Debug|x64.Build.0 = Debug|x64
		{02FF4EFA-8332-473E-89B0-37DD965447FD}.Debug|x86.ActiveCfg = Debug|Win32
		{02FF4EFA-8332-473E-89B0-37DD965447FD}.Debug|x86.Build.0 = Debug|Win32
		{02FF4EFA-8332-473E-89B0-37DD965447FD}.Release|ARM64.ActiveCfg = Release|ARM64
		{02FF4EFA-8332-473E-89B0-37DD965447FD}.Release|ARM64.Build.0 = Release|ARM64
		{02FF4EFA-8332-473E-89B0-37DD965447FD}.Release|x64.ActiveCfg = Release|x64
		{02FF4EFA-8332-473E-89B0-37DD965447FD}.Release|x64.Build.0 = Release|x64
		{02FF4EFA-8332-473E-89B0-37DD965447FD}.Release|x86.ActiveCfg = Release|Win32
		{02FF4EFA-8332-473E-89B0-37DD965447FD}.Release|x86.Build.0 = Release|Win32
		{0CC20DF8-23C0-4837-BE0A-62D02B8B25E2}.Debug|ARM64.ActiveCfg = Debug|ARM64
		{0CC20DF8-23C0-4837-BE0A-62D02B8B25E2}.Debug|ARM64.Build.0 = Debug|ARM64
		{0CC20DF8-23C0-4837-BE0A-62D02B8B25E2}.Debug|x64.ActiveCfg = Debug|x64
		{0CC20DF8-23C0-4837-BE0A-62D02B8B25E2}.Debug|x64.Build.0 = Debug|x64
		{0CC20DF8-23C0-4837-BE0A-62D02B8B25E2}.Debug|x86.ActiveCfg = Debug|Win32
		{0CC20DF8-23C0-4837-BE0A-62D02B8B25E2}.Debug|x86.Build.0 = Debug|Win32
		{0CC20DF8-23C0-4837-BE0A-62D02B8B25E2}.Release|ARM64.ActiveCfg = Release|ARM64
		{0CC20DF8-23C0-4837-BE0A-62D02B8B25E2}.Release|ARM64.Build.0 = Release|ARM64
		{0CC20DF8-23C0-4837-BE0A-62D02B8B25E2}.Release|x64.ActiveCfg = Release|x64
		{0CC20DF8-23C0-4837-BE0A-62D02B8B25E2}.Release|x64.Build.0 = Release|x64
		{0CC20DF8-23C0-4837-BE0A-62D02B8B25E2}.Release|x86.ActiveCfg = Release|Win32
		{0CC20DF8-23C0-4837-BE0A-62D02B8B25E2}.Release|x86.Build.0 = Release|Win32
		{883696FB-960C-43EB-A5C0-87208C5E4D31}.Debug|ARM64.ActiveCfg = Debug|ARM64
		{883696FB-960C-43EB-A5C0-87208C5E4D31}.Debug|ARM64.Build.0 = Debug|ARM64
		{883696FB-960C-43EB-A5C0-87208C5E4D31}.Debug|x64.ActiveCfg = Debug|x64
		{883696FB-960C-43EB-A5C0-87208C5E4D31}.Debug|x64.Build.0 = Debug|x64
		{883696FB-960C-43EB-A5C0-87208C5E4D31}.Debug|x86.ActiveCfg = Debug|Win32
		{883696FB-960C-43EB-A5C0-87208C5E4D31}.Debug|x86.Build.0 = Debug|Win32
		{883696FB-960C-43EB-A5C0-87208C5E4D31}.Release|ARM64.ActiveCfg = Release|ARM64
		{883696FB-960C-43EB-A5C0-87208C5E4D31}.Release|ARM64.Build.0 = Release|ARM64
		{883696FB-960C-43EB-A5C0-87208C5E4D31}.Release|x64.ActiveCfg = Release|x64
		{883696FB-960C-43EB-A5C0-87208C5E4D31}.Release|x64.Build.0 = Release|x64
		{883696FB-960C-43EB-A5C0-87208C5E4D31}.Release|x86.ActiveCfg = Release|Win32
		{883696FB-960C-43EB-A5C0-87208C5E4D31}.Release|x86.Build.0 = Release|Win32
		{70EE194E-FD53-4992-9625-5CB9376806C9}.Debug|ARM64.ActiveCfg = Debug|ARM64
		{70EE194E-FD53-4992-9625-5CB9376806C9}.Debug|ARM64.Build.0 = Debug|ARM64
		{70EE194E-FD53-4992-9625-5CB9376806C9}.Debug|x64.ActiveCfg = Debug|x64
		{70EE194E-FD53-4992-9625-5CB9376806C9}.Debug|x64.Build.0 = Debug|x64
		{70EE194E-FD53-4992-9625-5CB9376806C9}.Debug|x86.ActiveCfg = Debug|Win32
		{70EE194E-FD53-4992-9625-5CB9376806C9}.Debug|x86.Build.0 = Debug|Win32
		{70EE194E-FD53-4992-9625-5CB9376806C9}.Release|ARM64.ActiveCfg = Release|ARM64
		{70EE194E-FD53-4992-9625-5CB9376806C9}.Release|ARM64.Build.0 = Release|ARM64
		{70EE194E-FD53-4992-9625-5CB9376806C9}.Release|x64.ActiveCfg = Release|x64
		{70EE194E-FD53-4992-9625-5CB9376806C9}.Release|x64.Build.0 = Release|x64
		{70EE194E-FD53-4992-9625-5CB9376806C9}.Release|x86.ActiveCfg = Release|Win32
		{70EE194E-FD53-4992-9625-5CB9376806C9}.Release|x86.Build.0 = Release|Win32
		{2470F25A-246A-4CA1-9B47-CE8210FAC8DD}.Debug|ARM64.ActiveCfg = Debug|ARM64
		{2470F25A-246A-4CA1-9B47-CE8210FAC8DD}.Debug|ARM64.Build.0 = Debug|ARM64
		{2470F25A-246A-4CA1-9B47-CE8210FAC8DD}.Debug|x64.ActiveCfg = Debug|x64
		{2470F25A-246A-4CA1-9B47-CE8210FAC8DD}.Debug|x64.Build.0 = Debug|x64
		{2470F25A-246A-4CA1-9B47-CE8210FAC8DD}.Debug|x86.ActiveCfg = Debug|Win32
		{2470F25A-246A-4CA1-9B47-CE8210FAC8DD}.Debug|x86.Build.0 = Debug|Win32
		{2470F25A-246A-4CA1-9B47-CE8210FAC8DD}.Release|ARM64.ActiveCfg = Release|ARM64
		{2470F25A-246A-4CA1-9B47-CE8210FAC8DD}.Release|ARM64.Build.0 = Release|ARM64
		{2470F25A-246A-4CA1-9B47-CE8210FAC8DD}.Release|x64.ActiveCfg = Release|x64
		{2470F25A-246A-4CA1-9B47-CE8210FAC8DD}.Release|x64.Build.0 = Release|x64
		{2470F25A-246A-4CA1-9B47-CE8210FAC8DD}.Release|x86.ActiveCfg = Release|Win32
		{2470F25A-246A-4CA1-9B47-CE8210FAC8DD}.Release|x86.Build.0 = Release|Win32
		{3C2AAE62-6698-4D10-9AD9-A49A355F3D75}.Debug|ARM64.ActiveCfg = Debug|ARM64
		{3C2AAE62-6698-4D10-9AD9-A49A355F3D75}.Debug|ARM64.Build.0 = Debug|ARM64
		{3C2AAE62-6698-4D10-9AD9-A49A355F3D75}.Debug|x64.ActiveCfg = Debug|x64
		{3C2AAE62-6698-4D10-9AD9-A49A355F3D75}.Debug|x64.Build.0 = Debug|x64
		{3C2AAE62-6698-4D10-9AD9-A49A355F3D75}.Debug|x86.ActiveCfg = Debug|Win32
		{3C2AAE62-6698-4D10-9AD9-A49A355F3D75}.Debug|x86.Build.0 = Debug|Win32
		{3C2AAE62-6698-4D10-9AD9-A49A355F3D75}.Release|ARM64.ActiveCfg = Release|ARM64
		{3C2AAE62-6698-4D10-9AD9-A49A355F3D75}.Release|ARM64.Build.0 = Release|ARM64
		{3C2AAE62-6698-4D10-9AD9-A49A355F3D75}.Release|x64.ActiveCfg = Release|x64
		{3C2AAE62-6698-4D10-9AD9-A49A355F3D75}.Release|x64.Build.0 = Release|x64
		{3C2AAE62-6698-4D10-9AD9-A49A355F3D75}.Release|x86.ActiveCfg = Release|Win32
		{3C2AAE62-6698-4D10-9AD9-A49A355F3D75}.Release|x86.Build.0 = Release|Win32
		{786BB85A-5BD3-4118-8B95-DA96FDDBD6FC}.Debug|ARM64.ActiveCfg = Debug|ARM64
		{786BB85A-5BD3-4118-8B95-DA96FDDBD6FC}.Debug|ARM64.Build.0 = Debug|ARM64
		{786BB85A-5BD3-4118-8B95-DA96FDDBD6FC}.Debug|x64.ActiveCfg = Debug|x64
		{786BB85A-5BD3-4118-8B95-DA96FDDBD6FC}.Debug|x64.Build.0 = Debug|x64
		{786BB85A-5BD3-4118-8B95-DA96FDDBD6FC}.Debug|x86.ActiveCfg = Debug|Win32
		{786BB85A-5BD3-4118-8B95-DA96FDDBD6FC}.Debug|x86.Build.0 = Debug|Win32
		{786BB85A-5BD3-4118-8B95-DA96FDDBD6FC}.Release|ARM64.ActiveCfg = Release|ARM64
		{786BB85A-5BD3-4118-8B95-DA96FDDBD6FC}.Release|ARM64.Build.0 = Release|ARM64
		{786BB85A-5BD3-4118-8B95-DA96FDDBD6FC}.Release|x64.ActiveCfg = Release|x64
		{786BB85A-5BD3-4118-8B95-DA96FDDBD6FC}.Release|x64.Build.0 = Release|x64
		{786BB85A-5BD3-4118-8B95-DA96FDDBD6FC}.Release|x86.ActiveCfg = Release|Win32
		{786BB85A-5BD3-4118-8B95-DA96FDDBD6FC}.Release|x86.Build.0 = Release|Win32
		{646F1A35-7CA6-49F1-958A-9CE3E2B68281}.Debug|ARM64.ActiveCfg = Debug|ARM64
		{646F1A35-7CA6-49F1-958A-9CE3E2B68281}.Debug|ARM64.Build.0 = Debug|ARM64
		{646F1A35-7CA6-49F1-958A-9CE3E2B68281}.Debug|x64.ActiveCfg = Debug|x64
		{646F1A35-7CA6-49F1-958A-9CE3E2B68281}.Debug|x64.Build.0 = Debug|x64
		{646F1A35-7CA6-49F1-958A-9CE3E2B68281}.Debug|x86.ActiveCfg = Debug|Win32
		{646F1A35-7CA6-49F1-958A-9CE3E2B68281}.Debug|x86.Build.0 = Debug|Win32
		{646F1A35-7CA6-49F1-958A-9CE3E2B68281}.Release|ARM64.ActiveCfg = Release|ARM64
		{646F1A35-7CA6-49F1-958A-9CE3E2B68281}.Release|ARM64.Build.0 = Release|ARM64
		{646F1A35-7CA6-49F1-958A-9CE3E2B68281}.Release|x64.ActiveCfg = Release|x64
		{646F1A35-7CA6-49F1-958A-9CE3E2B68281}.Release|x64.Build.0 = Release|x64
		{646F1A35-7CA6-49F1-958A-9CE3E2B68281}.Release|x86.ActiveCfg = Release|Win32
		{646F1A35-7CA6-49F1-958A-9CE3E2B68281}.Release|x86.Build.0 = Release|Win32
		{707CA293-2384-48D1-BED6-9E1571E3E323}.Debug|ARM64.ActiveCfg = Debug|ARM64
		{707CA293-2384-48D1-BED6-9E1571E3E323}.Debug|ARM64.Build.0 = Debug|ARM64
		{707CA293-2384-48D1-BED6-9E1571E3E323}.Debug|x64.ActiveCfg = Debug|x64
		{707CA293-2384-48D1-BED6-9E1571E3E323}.Debug|x64.Build.0 = Debug|x64
		{707CA293-2384-48D1-BED6-9E1571E3E323}.Debug|x86.ActiveCfg = Debug|Win32
		{707CA293-2384-48D1-BED6-9E1571E3E323}.Debug|x86.Build.0 = Debug|Win32
		{707CA293-2384-48D1-BED6-9E1571E3E323}.Release|ARM64.ActiveCfg = Release|ARM64
		{707CA293-2384-48D1-BED6-9E1571E3E323}.Release|ARM64.Build.0 = Release|ARM64
		{707CA293-2384-48D1-BED6-9E1571E3E323}.Release|x64.ActiveCfg = Release|x64
		{707CA293-2384-48D1-BED6-9E1571E3E323}.Release|x64.Build.0 = Release|x64
		{707CA293-2384-48D1-BED6-9E1571E3E323}.Release|x86.ActiveCfg = Release|Win32
		{707CA293-2384-48D1-BED6-9E1571E3E323}.Release|x86.Build.0 = Release|Win32
		{23DE625F-B8EF-43A0-9462-38C86EDA6EDF}.Debug|ARM64.ActiveCfg = Debug|ARM64
		{23DE625F-B8EF-43A0-9462-38C86EDA6EDF}.Debug|ARM64.Build.0 = Debug|ARM64
		{23DE625F-B8EF-43A0-9462-38C86EDA6EDF}.Debug|x64.ActiveCfg = Debug|x64
		{23DE625F-B8EF-43A0-9462-38C86EDA6EDF}.Debug|x64.Build.0 = Debug|x64
		{23DE625F-B8EF-43A0-9462-38C86EDA6EDF}.Debug|x86.ActiveCfg = Debug|Win32
		{23DE625F-B8EF-43A0-9462-38C86EDA6EDF}.Debug|x86.Build.0 = Debug|Win32
		{23DE625F-B8EF-43A0-9462-38C86EDA6EDF}.Release|ARM64.ActiveCfg = Release|ARM64
		{23DE625F-B8EF-43A0-9462-38C86EDA6EDF}.Release|ARM64.Build.0 = Release|ARM64
		{23DE625F-B8EF-43A0-9462-38C86EDA6EDF}.Release|x64.ActiveCfg = Release|x64
		{23DE625F-B8EF-43A0-9462-38C86EDA6EDF}.Release|x64.Build.0 = Release|x64
		{23DE625F-B8EF-43A0-9462-38C86EDA6EDF}.Release|x86.ActiveCfg = Release|Win32
		{23DE625F-B8EF-43A0-9462-38C86EDA6EDF}.Release|x86.Build.0 = Release|Win32
		{100D5BA8-3431-413E-9237-F75499C529A9}.Debug|ARM64.ActiveCfg = Debug|ARM64
		{100D5BA8-3431-413E-9237-F75499C529A9}.Debug|ARM64.Build.0 = Debug|ARM64
		{100D5BA8-3431-413E-9237-F75499C529A9}.Debug|x64.ActiveCfg = Debug|x64
		{100D5BA8-3431-413E-9237-F75499C529A9}.Debug|x64.Build.0 = Debug|x64
		{100D5BA8-3431-413E-9237-F75499C529A9}.Debug|x86.ActiveCfg = Debug|Win32
		{100D5BA8-3431-413E-9237-F75499C529A9}.Debug|x86.Build.0 = Debug|Win32
		{100D5BA8-3431-413E-9237-F75499C529A9}.Release|ARM64.ActiveCfg = Release|ARM64
		{100D5BA8-3431-413E-9237-F75499C529A9}.Release|ARM64.Build.0 = Release|ARM64
		{100D5BA8-3431-413E-9237-F75499C529A9}.Release|x64.ActiveCfg = Release|x64
		{100D5BA8-3431-413E-9237-F75499C529A9}.Release|x64.Build.0 = Release|x64
		{100D5BA8-3431-413E-9237-F75499C529A9}.Release|x86.ActiveCfg = Release|Win32
		{100D5BA8-3431-413E-9237-F75499C529A9}.Release|x86.Build.0 = Release|Win32
		{4E41E4C3-BB5D-4A5B-9C27-31D3D0936261}.Debug|ARM64.ActiveCfg = Debug|ARM64
		{4E41E4C3-BB5D-4A5B-9C27-31D3D0936261}.Debug|ARM64.Build.0 = Debug|ARM64
		{4E41E4C3-BB5D-4A5B-9C27-31D3D0936261}.Debug|x64.ActiveCfg = Debug|x64
		{4E41E4C3-BB5D-4A5B-9C27-31D3D0936261}.Debug|x64.Build.0 = Debug|x64
		{4E41E4C3-BB5D-4A5B-9C27-31D3D0936261}.Debug|x86.ActiveCfg = Debug|Win32
		{4E41E4C3-BB5D-4A5B-9C27-31D3D0936261}.Debug|x86.Build.0 = Debug|Win32
		{4E41E4C3-BB5D-4A5B-9C27-31D3D0936261}.Release|ARM64.ActiveCfg = Release|ARM64
		{4E41E4C3-BB5D-4A5B-9C27-31D3D0936261}.Release|ARM64.Build.0 = Release|ARM64
		{4E41E4C3-BB5D-4A5B-9C27-31D3D0936261}.Release|x64.ActiveCfg = Release|x64
		{4E41E4C3-BB5D-4A5B-9C27-31D3D0936261}.Release|x64.Build.0 = Release|x64
		{4E41E4C3-BB5D-4A5B-9C27-31D3D0936261}.Release|x86.ActiveCfg = Release|Win32
		{4E41E4C3-BB5D-4A5B-9C27-31D3D0936261}.Release|x86.Build.0 = Release|Win32
		{F38E38FC-A3A3-4874-9AD1-F4CE73B4C664}.Debug|ARM64.ActiveCfg = Debug|ARM64
		{F38E38FC-A3A3-4874-9AD1-F4CE73B4C664}.Debug|ARM64.Build.0 = Debug|ARM64
		{F38E38FC-A3A3-4874-9AD1-F4CE73B4C664}.Debug|x64.ActiveCfg = Debug|x64
		{F38E38FC-A3A3-4874-9AD1-F4CE73B4C664}.Debug|x64.Build.0 = Debug|x64
		{F38E38FC-A3A3-4874-9AD1-F4CE73B4C664}.Debug|x86.ActiveCfg = Debug|Win32
		{F38E38FC-A3A3-4874-9AD1-F4CE73B4C664}.Debug|x86.Build.0 = Debug|Win32
		{F38E38FC-A3A3-4874-9AD1-F4CE73B4C664}.Release|ARM64.ActiveCfg = Release|ARM64
		{F38E38FC-A3A3-4874-9AD1-F4CE73B4C664}.Release|ARM64.Build.0 = Release|ARM64
		{F38E38FC-A3A3-4874-9AD1-F4CE73B4C664}.Release|x64.ActiveCfg = Release|x64
		{F38E38FC-A3A3-4874-9AD1-F4CE73B4C664}.Release|x64.Build.0 = Release|x64
		{F38E38FC-A3A3-4874-9AD1-F4CE73B4C664}.Release|x86.ActiveCfg = Release|Win32
		{F38E38FC-A3A3-4874-9AD1-F4CE73B4C664}.Release|x86.Build.0 = Release|Win32
		{835BD37D-11CF-4E4A-992A-A963CD623E65}.Debug|ARM64.ActiveCfg = Debug|ARM64
		{835BD37D-11CF-4E4A-992A-A963CD623E65}.Debug|ARM64.Build.0 = Debug|ARM64
		{835BD37D-11CF-4E4A-992A-A963CD623E65}.Debug|x64.ActiveCfg = Debug|x64
		{835BD37D-11CF-4E4A-992A-A963CD623E65}.Debug|x64.Build.0 = Debug|x64
		{835BD37D-11CF-4E4A-992A-A963CD623E65}.Debug|x86.ActiveCfg = Debug|Win32
		{835BD37D-11CF-4E4A-992A-A963CD623E65}.Debug|x86.Build.0 = Debug|Win32
		{835BD37D-11CF-4E4A-992A-A963CD623E65}.Release|ARM64.ActiveCfg = Release|ARM64
		{835BD37D-11CF-4E4A-992A-A963CD623E65}.Release|ARM64.Build.0 = Release|ARM64
		{835BD37D-11CF-4E4A-992A-A963CD623E65}.Release|x64.ActiveCfg = Release|x64
		{835BD37D-11CF-4E4A-992A-A963CD623E65}.Release|x64.Build.0 = Release|x64
		{835BD37D-11CF-4E4A-992A-A963CD623E65}.Release|x86.ActiveCfg = Release|Win32
		{835BD37D-11CF-4E4A-992A-A963CD623E65}.Release|x86.Build.0 = Release|Win32
		{8B3D036D-DE2B-4759-BFB2-1B2FE64A8587}.Debug|ARM64.ActiveCfg = Debug|ARM64
		{8B3D036D-DE2B-4759-BFB2-1B2FE64A8587}.Debug|ARM64.Build.0 = Debug|ARM64
		{8B3D036D-DE2B-4759-BFB2-1B2FE64A8587}.Debug|x64.ActiveCfg = Debug|x64
		{8B3D036D-DE2B-4759-BFB2-1B2FE64A8587}.Debug|x64.Build.0 = Debug|x64
		{8B3D036D-DE2B-4759-BFB2-1B2FE64A8587}.Debug|x86.ActiveCfg = Debug|Win32
		{8B3D036D-DE2B-4759-BFB2-1B2FE64A8587}.Debug|x86.Build.0 = Debug|Win32
		{8B3D036D-DE2B-4759-BFB2-1B2FE64A8587}.Release|ARM64.ActiveCfg = Release|ARM64
		{8B3D036D-DE2B-4759-BFB2-1B2FE64A8587}.Release|ARM64.Build.0 = Release|ARM64
		{8B3D036D-DE2B-4759-BFB2-1B2FE64A8587}.Release|x64.ActiveCfg = Release|x64
		{8B3D036D-DE2B-4759-BFB2-1B2FE64A8587}.Release|x64.Build.0 = Release|x64
		{8B3D036D-DE2B-4759-BFB2-1B2FE64A8587}.Release|x86.ActiveCfg = Release|Win32
		{8B3D036D-DE2B-4759-BFB2-1B2FE64A8587}.Release|x86.Build.0 = Release|Win32
		{0F56359C-B8B8-4C77-AA92-8CC81A961998}.Debug|ARM64.ActiveCfg = Debug|ARM64
		{0F56359C-B8B8-4C77-AA92-8CC81A961998}.Debug|ARM64.Build.0 = Debug|ARM64
		{0F56359C-B8B8-4C77-AA92-8CC81A961998}.Debug|x64.ActiveCfg = Debug|x64
		{0F56359C-B8B8-4C77-AA92-8CC81A961998}.Debug|x64.Build.0 = Debug|x64
		{0F56359C-B8B8-4C77-AA92-8CC81A961998}.Debug|x86.ActiveCfg = Debug|Win32
		{0F56359C-B8B8-4C77-AA92-8CC81A961998}.Debug|x86.Build.0 = Debug|Win32
		{0F56359C-B8B8-4C77-AA92-8CC81A961998}.Release|ARM64.ActiveCfg = Release|ARM64
		{0F56359C-B8B8-4C77-AA92-8CC81A961998}.Release|ARM64.Build.0 = Release|ARM64
		{0F56359C-B8B8-4C77-AA92-8CC81A961998}.Release|x64.ActiveCfg = Release|x64
		{0F56359C-B8B8-4C77-AA92-8CC81A961998}.Release|x64.Build.0 = Release|x64
		{0F56359C-B8B8-4C77-AA92-8CC81A961998}.Release|x86.ActiveCfg = Release|Win32
		{0F56359C-B8B8-4C77-AA92-8CC81A961998}.Release|x86.Build.0 = Release|Win32
		{9DB7440F-E897-4920-80B3-5FD271BB34D3}.Debug|ARM64.ActiveCfg = Debug|ARM64
		{9DB7440F-E897-4920-80B3-5FD271BB34D3}.Debug|ARM64.Build.0 = Debug|ARM64
		{9DB7440F-E897-4920-80B3-5FD271BB34D3}.Debug|x64.ActiveCfg = Debug|x64
		{9DB7440F-E897-4920-80B3-5FD271BB34D3}.Debug|x64.Build.0 = Debug|x64
		{9DB7440F-E897-4920-80B3-5FD271BB34D3}.Debug|x86.ActiveCfg = Debug|Win32
		{9DB7440F-E897-4920-80B3-5FD271BB34D3}.Debug|x86.Build.0 = Debug|Win32
		{9DB7440F-E897-4920-80B3-5FD271BB34D3}.Release|ARM64.ActiveCfg = Release|ARM64
		{9DB7440F-E897-4920-80B3-5FD271BB34D3}.Release|ARM64.Build.0 = Release|ARM64
		{9DB7440F-E897-4920-80B3-5FD271BB34D3}.Release|x64.ActiveCfg = Release|x64
		{9DB7440F-E897-4920-80B3-5FD271BB34D3}.Release|x64.Build.0 = Release|x64
		{9DB7440F-E897-4920-80B3-5FD271BB34D3}.Release|x86.ActiveCfg = Release|Win32
		{9DB7440F-E897-4920-80B3-5FD271BB34D3}.Release|x86.Build.0 = Release|Win32
		{BCCCFC8B-B6B2-46AE-B643-0B7093DA5F8F}.Debug|ARM64.ActiveCfg = Debug|ARM64
		{BCCCFC8B-B6B2-46AE-B643-0B7093DA5F8F}.Debug|ARM64.Build.0 = Debug|ARM64
		{BCCCFC8B-B6B2-46AE-B643-0B7093DA5F8F}.Debug|x64.ActiveCfg = Debug|x64
		{BCCCFC8B-B6B2-46AE-B643-0B7093DA5F8F}.Debug|x64.Build.0 = Debug|x64
		{BCCCFC8B-B6B2-46AE-B643-0B7093DA5F8F}.Debug|x86.ActiveCfg = Debug|Win32
		{BCCCFC8B-B6B2-46AE-B643-0B7093DA5F8F}.Debug|x86.Build.0 = Debug|Win32
		{BCCCFC8B-B6B2-46AE-B643-0B7093DA5F8F}.Release|ARM64.ActiveCfg = Release|ARM64
		{BCCCFC8B-B6B2-46AE-B643-0B7093DA5F8F}.Release|ARM64.Build.0 = Release|ARM64
		{BCCCFC8B-B6B2-46AE-B643-0B7093DA5F8F}.Release|x64.ActiveCfg = Release|x64
		{BCCCFC8B-B6B2-46AE-B643-0B7093DA5F8F}.Release|x64.Build.0 = Release|x64
		{BCCCFC8B-B6B2-46AE-B643-0B7093DA5F8F}.Release|x86.ActiveCfg = Release|Win32
		{BCCCFC8B-B6B2-46AE-B643-0B7093DA5F8F}.Release|x86.Build.0 = Release|Win32
		{7D21AB17-227E-4F31-975D-C011B774E459}.Debug|ARM64.ActiveCfg = Debug|ARM64
		{7D21AB17-227E-4F31-975D-C011B774E459}.Debug|ARM64.Build.0 = Debug|ARM64
		{7D21AB17-227E-4F31-975D-C011B774E459}.Debug|x64.ActiveCfg = Debug|x64
		{7D21AB17-227E-4F31-975D-C011B774E459}.Debug|x64.Build.0 = Debug|x64
		{7D21AB17-227E-4F31-975D-C011B774E459}.Debug|x86.ActiveCfg = Debug|Win32
		{7D21AB17-227E-4F31-975D-C011B774E459}.Debug|x86.Build.0 = Debug|Win32
		{7D21AB17-227E-4F31-975D-C011B774E459}.Release|ARM64.ActiveCfg = Release|ARM64
		{7D21AB17-227E-4F31-975D-C011B774E459}.Release|ARM64.Build.0 = Release|ARM64
		{7D21AB17-227E-4F31-975D-C011B774E459}.Release|x64.ActiveCfg = Release|x64
		{7D21AB17-227E-4F31-975D-C011B774E459}.Release|x64.Build.0 = Release|x64
		{7D21AB17-227E-4F31-975D-C011B774E459}.Release|x86.ActiveCfg = Release|Win32
		{7D21AB17-227E-4F31-975D-C011B774E459}.Release|x86.Build.0 = Release|Win32
		{E39A869E-12F3-4FF4-8604-98DF68147DCB}.Debug|ARM64.ActiveCfg = Debug|ARM64
		{E39A869E-12F3-4FF4-8604-98DF68147DCB}.Debug|ARM64.Build.0 = Debug|ARM64
		{E39A869E-12F3-4FF4-8604-98DF68147DCB}.Debug|x64.ActiveCfg = Debug|x64
		{E39A869E-12F3-4FF4-8604-98DF68147DCB}.Debug|x64.Build.0 = Debug|x64
		{E39A869E-12F3-4FF4-8604-98DF68147DCB}.Debug|x86.ActiveCfg = Debug|Win32
		{E39A869E-12F3-4FF4-8604-98DF68147DCB}.Debug|x86.Build.0 = Debug|Win32
		{E39A869E-12F3-4FF4-8604-98DF68147DCB}.Release|ARM64.ActiveCfg = Release|ARM64
		{E39A869E-12F3-4FF4-8604-98DF68147DCB}.Release|ARM64.Build.0 = Release|ARM64
		{E39A869E-12F3-4FF4-8604-98DF68147DCB}.Release|x64.ActiveCfg = Release|x64
		{E39A869E-12F3-4FF4-8604-98DF68147DCB}.Release|x64.Build.0 = Release|x64
		{E39A869E-12F3-4FF4-8604-98DF68147DCB}.Release|x86.ActiveCfg = Release|Win32
		{E39A869E-12F3-4FF4-8604-98DF68147DCB}.Release|x86.Build.0 = Release|Win32
		{0B11BCED-D6B7-48A0-9E82-380051EC0BC3}.Debug|ARM64.ActiveCfg = Debug|ARM64
		{0B11BCED-D6B7-48A0-9E82-380051EC0BC3}.Debug|ARM64.Build.0 = Debug|ARM64
		{0B11BCED-D6B7-48A0-9E82-380051EC0BC3}.Debug|x64.ActiveCfg = Debug|x64
		{0B11BCED-D6B7-48A0-9E82-380051EC0BC3}.Debug|x64.Build.0 = Debug|x64
		{0B11BCED-D6B7-48A0-9E82-380051EC0BC3}.Debug|x86.ActiveCfg = Debug|Win32
		{0B11BCED-D6B7-48A0-9E82-380051EC0BC3}.Debug|x86.Build.0 = Debug|Win32
		{0B11BCED-D6B7-48A0-9E82-380051EC0BC3}.Release|ARM64.ActiveCfg = Release|ARM64
		{0B11BCED-D6B7-48A0-9E82-380051EC0BC3}.Release|ARM64.Build.0 = Release|ARM64
		{0B11BCED-D6B7-48A0-9E82-380051EC0BC3}.Release|x64.ActiveCfg = Release|x64
		{0B11BCED-D6B7-48A0-9E82-380051EC0BC3}.Release|x64.Build.0 = Release|x64
		{0B11BCED-D6B7-48A0-9E82-380051EC0BC3}.Release|x86.ActiveCfg = Release|Win32
		{0B11BCED-D6B7-48A0-9E82-380051EC0BC3}.Release|x86.Build.0 = Release|Win32
		{1020B76A-3C5E-4773-A6D9-82A5359EA793}.Debug|ARM64.ActiveCfg = Debug|ARM64
		{1020B76A-3C5E-4773-A6D9-82A5359EA793}.Debug|ARM64.Build.0 = Debug|ARM64
		{1020B76A-3C5E-4773-A6D9-82A5359EA793}.Debug|x64.ActiveCfg = Debug|x64
		{1020B76A-3C5E-4773-A6D9-82A5359EA793}.Debug|x64.Build.0 = Debug|x64
		{1020B76A-3C5E-4773-A6D9-82A5359EA793}.Debug|x86.ActiveCfg = Debug|Win32
		{1020B76A-3C5E-4773-A6D9-82A5359EA793}.Debug|x86.Build.0 = Debug|Win32
		{1020B76A-3C5E-4773-A6D9-82A5359EA793}.Release|ARM64.ActiveCfg = Release|ARM64
		{1020B76A-3C5E-4773-A6D9-82A5359EA793}.Release|ARM64.Build.0 = Release|ARM64
		{1020B76A-3C5E-4773-A6D9-82A5359EA793}.Release|x64.ActiveCfg = Release|x64
		{1020B76A-3C5E-4773-A6D9-82A5359EA793}.Release|x64.Build.0 = Release|x64
		{1020B76A-3C5E-4773-A6D9-82A5359EA793}.Release|x86.ActiveCfg = Release|Win32
		{1020B76A-3C5E-4773-A6D9-82A5359EA793}.Release|x86.Build.0 = Release|Win32
		{4CCF11F9-8C05-4879-930B-3797B6303417}.Debug|ARM64.ActiveCfg = Debug|ARM64
		{4CCF11F9-8C05-4879-930B-3797B6303417}.Debug|ARM64.Build.0 = Debug|ARM64
		{4CCF11F9-8C05-4879-930B-3797B6303417}.Debug|x64.ActiveCfg = Debug|x64
		{4CCF11F9-8C05-4879-930B-3797B6303417}.Debug|x64.Build.0 = Debug|x64
		{4CCF11F9-8C05-4879-930B-3797B6303417}.Debug|x86.ActiveCfg = Debug|Win32
		{4CCF11F9-8C05-4879-930B-3797B6303417}.Debug|x86.Build.0 = Debug|Win32
		{4CCF11F9-8C05-4879-930B-3797B6303417}.Release|ARM64.ActiveCfg = Release|ARM64
		{4CCF11F9-8C05-4879-930B-3797B6303417}.Release|ARM64.Build.0 = Release|ARM64
		{4CCF11F9-8C05-4879-930B-3797B6303417}.Release|x64.ActiveCfg = Release|x64
		{4CCF11F9-8C05-4879-930B-3797B6303417}.Release|x64.Build.0 = Release|x64
		{4CCF11F9-8C05-4879-930B-3797B6303417}.Release|x86.ActiveCfg = Release|Win32
		{4CCF11F9-8C05-4879-930B-3797B6303417}.Release|x86.Build.0 = Release|Win32
		{C3B93DEF-3081-45FE-ADD9-0999B7078DC0}.Debug|ARM64.ActiveCfg = Debug|ARM64
		{C3B93DEF-3081-45FE-ADD9-0999B7078DC0}.Debug|ARM64.Build.0 = Debug|ARM64
		{C3B93DEF-3081-45FE-ADD9-0999B7078DC0}.Debug|x64.ActiveCfg = Debug|x64
		{C3B93DEF-3081-45FE-ADD9-0999B7078DC0}.Debug|x64.Build.0 = Debug|x64
		{C3B93DEF-3081-45FE-ADD9-0999B7078DC0}.Debug|x86.ActiveCfg = Debug|Win32
		{C3B93DEF-3081-45FE-ADD9-0999B7078DC0}.Debug|x86.Build.0 = Debug|Win32
		{C3B93DEF-3081-45FE-ADD9-0999B7078DC0}.Release|ARM64.ActiveCfg = Release|ARM64
		{C3B93DEF-3081-45FE-ADD9-0999B7078DC0}.Release|ARM64.Build.0 = Release|ARM64
		{C3B93DEF-3081-45FE-ADD9-0999B7078DC0}.Release|x64.ActiveCfg = Release|x64
		{C3B93DEF-3081-45FE-ADD9-0999B7078DC0}.Release|x64.Build.0 = Release|x64
		{C3B93DEF-3081-45FE-ADD9-0999B7078DC0}.Release|x86.ActiveCfg = Release|Win32
		{C3B93DEF-3081-45FE-ADD9-0999B7078DC0}.Release|x86.Build.0 = Release|Win32
		{5A67A57B-73BD-4432-B36C-841C8572AB98}.Debug|ARM64.ActiveCfg = Debug|ARM64
		{5A67A57B-73BD-4432-B36C-841C8572AB98}.Debug|ARM64.Build.0 = Debug|ARM64
		{5A67A57B-73BD-4432-B36C-841C8572AB98}.Debug|x64.ActiveCfg = Debug|x64
		{5A67A57B-73BD-4432-B36C-841C8572AB98}.Debug|x64.Build.0 = Debug|x64
		{5A67A57B-73BD-4432-B36C-841C8572AB98}.Debug|x86.ActiveCfg = Debug|Win32
		{5A67A57B-73BD-4432-B36C-841C8572AB98}.Debug|x86.Build.0 = Debug|Win32
		{5A67A57B-73BD-4432-B36C-841C8572AB98}.Release|ARM64.ActiveCfg = Release|ARM64
		{5A67A57B-73BD-4432-B36C-841C8572AB98}.Release|ARM64.Build.0 = Release|ARM64
		{5A67A57B-73BD-4432-B36C-841C8572AB98}.Release|x64.ActiveCfg = Release|x64
		{5A67A57B-73BD-4432-B36C-841C8572AB98}.Release|x64.Build.0 = Release|x64
		{5A67A57B-73BD-4432-B36C-841C8572AB98}.Release|x86.ActiveCfg = Release|Win32
		{5A67A57B-73BD-4432-B36C-841C8572AB98}.Release|x86.Build.0 = Release|Win32
		{1BCD00EF-188E-48FE-9766-7A293AC35D6D}.Debug|ARM64.ActiveCfg = Debug|ARM64
		{1BCD00EF-188E-48FE-9766-7A293AC35D6D}.Debug|ARM64.Build.0 = Debug|ARM64
		{1BCD00EF-188E-48FE-9766-7A293AC35D6D}.Debug|x64.ActiveCfg = Debug|x64
		{1BCD00EF-188E-48FE-9766-7A293AC35D6D}.Debug|x64.Build.0 = Debug|x64
		{1BCD00EF-188E-48FE-9766-7A293AC35D6D}.Debug|x86.ActiveCfg = Debug|Win32
		{1BCD00EF-188E-48FE-9766-7A293AC35D6D}.Debug|x86.Build.0 = Debug|Win32
		{1BCD00EF-188E-48FE-9766-7A293AC35D6D}.Release|ARM64.ActiveCfg = Release|ARM64
		{1BCD00EF-188E-48FE-9766-7A293AC35D6D}.Release|ARM64.Build.0 = Release|ARM64
		{1BCD00EF-188E-48FE-9766-7A293AC35D6D}.Release|x64.ActiveCfg = Release|x64
		{1BCD00EF-188E-48FE-9766-7A293AC35D6D}.Release|x64.Build.0 = Release|x64
		{1BCD00EF-188E-48FE-9766-7A293AC35D6D}.Release|x86.ActiveCfg = Release|Win32
		{1BCD00EF-188E-48FE-9766-7A293AC35D6D}.Release|x86.Build.0 = Release|Win32
		{FE2A846C-6D9C-44EB-BAC3-0B570249B2E3}.Debug|ARM64.ActiveCfg = Debug|ARM64
		{FE2A846C-6D9C-44EB-BAC3-0B570249B2E3}.Debug|ARM64.Build.0 = Debug|ARM64
		{FE2A846C-6D9C-44EB-BAC3-0B570249B2E3}.Debug|x64.ActiveCfg = Debug|x64
		{FE2A846C-6D9C-44EB-BAC3-0B570249B2E3}.Debug|x64.Build.0 = Debug|x64
		{FE2A846C-6D9C-44EB-BAC3-0B570249B2E3}.Debug|x86.ActiveCfg = Debug|Win32
		{FE2A846C-6D9C-44EB-BAC3-0B570249B2E3}.Debug|x86.Build.0 = Debug|Win32
		{FE2A846C-6D9C-44EB-BAC3-0B570249B2E3}.Release|ARM64.ActiveCfg = Release|ARM64
		{FE2A846C-6D9C-44EB-BAC3-0B570249B2E3}.Release|ARM64.Build.0 = Release|ARM64
		{FE2A846C-6D9C-44EB-BAC3-0B570249B2E3}.Release|x64.ActiveCfg = Release|x64
		{FE2A846C-6D9C-44EB-BAC3-0B570249B2E3}.Release|x64.Build.0 = Release|x64
		{FE2A846C-6D9C-44EB-BAC3-0B570249B2E3}.Release|x86.ActiveCfg = Release|Win32
		{FE2A846C-6D9C-44EB-BAC3-0B570249B2E3}.Release|x86.Build.0 = Release|Win32
		{B70B1FB5-8DF4-427B-8630-2AE1DD3A36B7}.Debug|ARM64.ActiveCfg = Debug|ARM64
		{B70B1FB5-8DF4-427B-8630-2AE1DD3A36B7}.Debug|ARM64.Build.0 = Debug|ARM64
		{B70B1FB5-8DF4-427B-8630-2AE1DD3A36B7}.Debug|x64.ActiveCfg = Debug|x64
		{B70B1FB5-8DF4-427B-8630-2AE1DD3A36B7}.Debug|x64.Build.0 = Debug|x64
		{B70B1FB5-8DF4-427B-8630-2AE1DD3A36B7}.Debug|x86.ActiveCfg = Debug|Win32
		{B70B1FB5-8DF4-427B-8630-2AE1DD3A36B7}.Debug|x86.Build.0 = Debug|Win32
		{B70B1FB5-8DF4-427B-8630-2AE1DD3A36B7}.Release|ARM64.ActiveCfg = Release|ARM64
		{B70B1FB5-8DF4-427B-8630-2AE1DD3A36B7}.Release|ARM64.Build.0 = Release|ARM64
		{B70B1FB5-8DF4-427B-8630-2AE1DD3A36B7}.Release|x64.ActiveCfg = Release|x64
		{B70B1FB5-8DF4-427B-8630-2AE1DD3A36B7}.Release|x64.Build.0 = Release|x64
		{B70B1FB5-8DF4-427B-8630-2AE1DD3A36B7}.Release|x86.ActiveCfg = Release|Win32
		{B70B1FB5-8DF4-427B-8630-2AE1DD3A36B7}.Release|x86.Build.0 = Release|Win32
		{CD793ABF-46BA-49F8-B0ED-BDBE1A583F2A}.Debug|ARM64.ActiveCfg = Debug|ARM64
		{CD793ABF-46BA-49F8-B0ED-BDBE1A583F2A}.Debug|ARM64.Build.0 = Debug|ARM64
		{CD793ABF-46BA-49F8-B0ED-BDBE1A583F2A}.Debug|x64.ActiveCfg = Debug|x64
		{CD793ABF-46BA-49F8-B0ED-BDBE1A583F2A}.Debug|x64.Build.0 = Debug|x64
		{CD793ABF-46BA-49F8-B0ED-BDBE1A583F2A}.Debug|x86.ActiveCfg = Debug|Win32
		{CD793ABF-46BA-49F8-B0ED-BDBE1A583F2A}.Debug|x86.Build.0 = Debug|Win32
		{CD793ABF-46BA-49F8-B0ED-BDBE1A583F2A}.Release|ARM64.ActiveCfg = Release|ARM64
		{CD793ABF-46BA-49F8-B0ED-BDBE1A583F2A}.Release|ARM64.Build.0 = Release|ARM64
		{CD793ABF-46BA-49F8-B0ED-BDBE1A583F2A}.Release|x64.ActiveCfg = Release|x64
		{CD793ABF-46BA-49F8-B0ED-BDBE1A583F2A}.Release|x64.Build.0 = Release|x64
		{CD793ABF-46BA-49F8-B0ED-BDBE1A583F2A}.Release|x86.ActiveCfg = Release|Win32
		{CD793ABF-46BA-49F8-B0ED-BDBE1A583F2A}.Release|x86.Build.0 = Release|Win32
		{5C191BDE-3954-4AB6-9952-281CB8A5B37A}.Debug|ARM64.ActiveCfg = Debug|ARM64
		{5C191BDE-3954-4AB6-9952-281CB8A5B37A}.Debug|ARM64.Build.0 = Debug|ARM64
		{5C191BDE-3954-4AB6-9952-281CB8A5B37A}.Debug|x64.ActiveCfg = Debug|x64
		{5C191BDE-3954-4AB6-9952-281CB8A5B37A}.Debug|x64.Build.0 = Debug|x64
		{5C191BDE-3954-4AB6-9952-281CB8A5B37A}.Debug|x86.ActiveCfg = Debug|Win32
		{5C191BDE-3954-4AB6-9952-281CB8A5B37A}.Debug|x86.Build.0 = Debug|Win32
		{5C191BDE-3954-4AB6-9952-281CB8A5B37A}.Release|ARM64.ActiveCfg = Release|ARM64
		{5C191BDE-3954-4AB6-9952-281CB8A5B37A}.Release|ARM64.Build.0 = Release|ARM64
		{5C191BDE-3954-4AB6-9952-281CB8A5B37A}.Release|x64.ActiveCfg = Release|x64
		{5C191BDE-3954-4AB6-9952-281CB8A5B37A}.Release|x64.Build.0 = Release|x64
		{5C191BDE-3954-4AB6-9952-281CB8A5B37A}.Release|x86.ActiveCfg = Release|Win32
		{5C191BDE-3954-4AB6-9952-281CB8A5B37A}.Release|x86.Build.0 = Release|Win32
	EndGlobalSection
	GlobalSection(SolutionProperties) = preSolution
		HideSolutionNode = FALSE
	EndGlobalSection
	GlobalSection(NestedProjects) = preSolution
		{F8956603-89BC-48EB-BE4C-BF6921308A0D} = {55D81528-0E42-4AE7-A3F5-6F24C176EF86}
		{94A0347E-EFF0-4AC1-94B3-816D1CD4A187} = {B39D9DDB-642C-4EDD-A528-FDACDF92BE67}
		{7117DB4A-BD85-4B81-A95F-27D226C06A19} = {B39D9DDB-642C-4EDD-A528-FDACDF92BE67}
		{4171E2AA-5E1E-4720-810B-E0B148947B17} = {B39D9DDB-642C-4EDD-A528-FDACDF92BE67}
		{9C87604E-06AC-471F-B454-90B833A26C5C} = {B39D9DDB-642C-4EDD-A528-FDACDF92BE67}
		{7B91C467-D4A2-49BD-8491-059F1C7F8F05} = {B39D9DDB-642C-4EDD-A528-FDACDF92BE67}
		{2FF6D5A6-F2E5-4F49-967B-1DE0DBD7E903} = {B39D9DDB-642C-4EDD-A528-FDACDF92BE67}
		{4EDA0A0F-8F4C-4106-8203-35D37298F08C} = {F0A56A68-3EBB-4829-87D0-3C3E9522679A}
		{212E2A85-132E-4EB8-BBD3-DCCF454BE46F} = {02D5C02A-D29D-44AE-83CD-CD33A10E9D29}
		{5C8B35AB-E58C-4A64-AB98-B2348D9B7E63} = {02D5C02A-D29D-44AE-83CD-CD33A10E9D29}
		{A669EC27-06D1-4B94-8304-AD09ECE09607} = {8C8B070A-117D-4B43-873F-B041D49A67EB}
		{A99406CC-CD7B-48EF-9F70-3E51629E3948} = {7B99ADAC-3A5C-4385-8E6D-02018698B15D}
		{E09E9850-6730-44A5-A58B-2F02EB75CD3A} = {BEE5EA23-C8A1-4368-8631-FECF6395FD15}
		{18A2F0AA-9753-4890-816B-5981921805DC} = {BEE5EA23-C8A1-4368-8631-FECF6395FD15}
		{C3069D98-F29C-4D77-A96A-7F2AF8D4101B} = {1CE3B6C7-D50E-489E-B5F1-126AD1F1B5A2}
		{40F002D1-6BA3-4F81-9B2C-C8C84B4FD185} = {1CE3B6C7-D50E-489E-B5F1-126AD1F1B5A2}
		{79B7EAE9-FD99-46C3-9D2F-96A2EDDE8AA5} = {1CE3B6C7-D50E-489E-B5F1-126AD1F1B5A2}
		{A6747E1B-345E-4E15-A788-5856A7525916} = {1CE3B6C7-D50E-489E-B5F1-126AD1F1B5A2}
		{C1C65E1B-4672-4A47-B599-274FA34418A6} = {1CE3B6C7-D50E-489E-B5F1-126AD1F1B5A2}
		{1D946C4C-08F0-4618-9916-4FC5ED50F063} = {1CE3B6C7-D50E-489E-B5F1-126AD1F1B5A2}
		{4F858C96-9263-4F32-A82F-589858192F2A} = {8B245095-191A-4C68-BC29-4514447F2732}
		{35AAB0E9-DF18-4456-AA5A-F011C4AEA1BF} = {8E32747E-1C1E-49A9-AAF7-C249F96537E9}
		{6A3FD095-D277-48AB-8B5E-0C9E9F1F4510} = {8E32747E-1C1E-49A9-AAF7-C249F96537E9}
		{1ECDDEB3-2A9B-4B6B-9AA8-1EDF98A44600} = {B50500A9-C33E-452C-8F19-33EB878988BB}
		{48447221-140D-4B15-A1BA-FCB2E10D3D62} = {BA2A3CA1-0AB0-4B02-8BCE-31EB93700AE2}
		{4EC926C8-3C91-4939-BA92-48E51555C294} = {BA2A3CA1-0AB0-4B02-8BCE-31EB93700AE2}
		{10D65EC4-201E-4A95-978F-3BCD7B383F47} = {BA2A3CA1-0AB0-4B02-8BCE-31EB93700AE2}
		{AFFCC723-6626-441D-9AC2-7B2EC05BEAD2} = {C4F99744-2815-4084-A295-6E4EA426EF98}
		{016337D9-61D8-42A3-8EF1-16B74ACC337E} = {4CA05D2F-A6C2-42D2-83BE-89AFA4FED7A1}
		{9F06C5FD-7888-48BD-8CE0-2652AA011112} = {4CA05D2F-A6C2-42D2-83BE-89AFA4FED7A1}
		{34F45CC4-2B17-41B3-B8AA-26703883B020} = {4CA05D2F-A6C2-42D2-83BE-89AFA4FED7A1}
		{66D38D00-635C-4A19-AB1B-B6849987C76F} = {4CA05D2F-A6C2-42D2-83BE-89AFA4FED7A1}
		{14B8B3D3-F00E-4C1B-BF75-F22B85CAD52C} = {4CA05D2F-A6C2-42D2-83BE-89AFA4FED7A1}
		{459CA477-BCE7-4BB3-8282-42E07B54AF03} = {4CA05D2F-A6C2-42D2-83BE-89AFA4FED7A1}
		{F0F8C20B-00E8-49CC-91C9-995644726CA3} = {4CA05D2F-A6C2-42D2-83BE-89AFA4FED7A1}
		{D7B24702-BCE6-487A-ABB4-38B174488653} = {4CA05D2F-A6C2-42D2-83BE-89AFA4FED7A1}
		{CDC97D9A-A187-4556-9C78-4952036CBA0F} = {4CA05D2F-A6C2-42D2-83BE-89AFA4FED7A1}
		{B1013B7C-64B6-46E9-892E-89166D3A9E40} = {4CA05D2F-A6C2-42D2-83BE-89AFA4FED7A1}
		{02FF4EFA-8332-473E-89B0-37DD965447FD} = {4CA05D2F-A6C2-42D2-83BE-89AFA4FED7A1}
		{0CC20DF8-23C0-4837-BE0A-62D02B8B25E2} = {4CA05D2F-A6C2-42D2-83BE-89AFA4FED7A1}
		{883696FB-960C-43EB-A5C0-87208C5E4D31} = {4CA05D2F-A6C2-42D2-83BE-89AFA4FED7A1}
		{70EE194E-FD53-4992-9625-5CB9376806C9} = {4CA05D2F-A6C2-42D2-83BE-89AFA4FED7A1}
		{2470F25A-246A-4CA1-9B47-CE8210FAC8DD} = {4CA05D2F-A6C2-42D2-83BE-89AFA4FED7A1}
		{3C2AAE62-6698-4D10-9AD9-A49A355F3D75} = {4CA05D2F-A6C2-42D2-83BE-89AFA4FED7A1}
		{786BB85A-5BD3-4118-8B95-DA96FDDBD6FC} = {4CA05D2F-A6C2-42D2-83BE-89AFA4FED7A1}
		{646F1A35-7CA6-49F1-958A-9CE3E2B68281} = {4CA05D2F-A6C2-42D2-83BE-89AFA4FED7A1}
		{707CA293-2384-48D1-BED6-9E1571E3E323} = {4CA05D2F-A6C2-42D2-83BE-89AFA4FED7A1}
		{23DE625F-B8EF-43A0-9462-38C86EDA6EDF} = {31885970-5476-40B8-9E9E-D506CA6E065C}
		{100D5BA8-3431-413E-9237-F75499C529A9} = {31885970-5476-40B8-9E9E-D506CA6E065C}
		{4E41E4C3-BB5D-4A5B-9C27-31D3D0936261} = {31885970-5476-40B8-9E9E-D506CA6E065C}
		{F38E38FC-A3A3-4874-9AD1-F4CE73B4C664} = {31885970-5476-40B8-9E9E-D506CA6E065C}
		{835BD37D-11CF-4E4A-992A-A963CD623E65} = {31885970-5476-40B8-9E9E-D506CA6E065C}
		{8B3D036D-DE2B-4759-BFB2-1B2FE64A8587} = {31885970-5476-40B8-9E9E-D506CA6E065C}
		{0F56359C-B8B8-4C77-AA92-8CC81A961998} = {31885970-5476-40B8-9E9E-D506CA6E065C}
		{9DB7440F-E897-4920-80B3-5FD271BB34D3} = {31885970-5476-40B8-9E9E-D506CA6E065C}
		{BCCCFC8B-B6B2-46AE-B643-0B7093DA5F8F} = {31885970-5476-40B8-9E9E-D506CA6E065C}
		{7D21AB17-227E-4F31-975D-C011B774E459} = {31885970-5476-40B8-9E9E-D506CA6E065C}
		{E39A869E-12F3-4FF4-8604-98DF68147DCB} = {31885970-5476-40B8-9E9E-D506CA6E065C}
		{0B11BCED-D6B7-48A0-9E82-380051EC0BC3} = {31885970-5476-40B8-9E9E-D506CA6E065C}
		{1020B76A-3C5E-4773-A6D9-82A5359EA793} = {31885970-5476-40B8-9E9E-D506CA6E065C}
		{4CCF11F9-8C05-4879-930B-3797B6303417} = {31885970-5476-40B8-9E9E-D506CA6E065C}
		{C3B93DEF-3081-45FE-ADD9-0999B7078DC0} = {31885970-5476-40B8-9E9E-D506CA6E065C}
		{5A67A57B-73BD-4432-B36C-841C8572AB98} = {31885970-5476-40B8-9E9E-D506CA6E065C}
		{1BCD00EF-188E-48FE-9766-7A293AC35D6D} = {31885970-5476-40B8-9E9E-D506CA6E065C}
		{FE2A846C-6D9C-44EB-BAC3-0B570249B2E3} = {31885970-5476-40B8-9E9E-D506CA6E065C}
		{B70B1FB5-8DF4-427B-8630-2AE1DD3A36B7} = {31885970-5476-40B8-9E9E-D506CA6E065C}
		{CD793ABF-46BA-49F8-B0ED-BDBE1A583F2A} = {31885970-5476-40B8-9E9E-D506CA6E065C}
		{5C191BDE-3954-4AB6-9952-281CB8A5B37A} = {31885970-5476-40B8-9E9E-D506CA6E065C}
	EndGlobalSection
EndGlobal
